{
  "version": 4,
  "terraform_version": "1.1.9",
  "serial": 73,
  "lineage": "02c2db5f-e64f-20c4-a755-820887bb9c57",
  "outputs": {
    "database_name": {
      "value": "wpdb",
      "type": "string",
      "sensitive": true
    },
    "db_user_name": {
      "value": "wpuser",
      "type": "string",
      "sensitive": true
    },
    "db_user_passwd": {
      "value": "wppass",
      "type": "string",
      "sensitive": true
    }
  },
  "resources": [
    {
      "mode": "data",
      "type": "google_client_config",
      "name": "default",
      "provider": "provider[\"registry.terraform.io/hashicorp/google\"]",
      "instances": [
        {
          "schema_version": 0,
          "attributes": {
            "access_token": "ya29.c.b0AXv0zTP8Uw1gGuaZIgKUltPzYAwqQmwlKkl-41gZLrcqAIhGgLrfrhnXcStSe46MtdnzMQww-5JLs1IKQdrbSH8_GV_W2DwrfsEK9drxxYSB_PLNJD4xmgEFzyLnojJT7ynGk2jOXsu1ywcMA1orFwb_xqdU4DgMs2ROriabsYhZe5iaqnD8GeFzmbd9zxkLAxG-NfTrQSn5HyKXo2vF1JBSCh9vLjoM.......................................................................................................................................................................................................................................................................................................................................................................................................................................................................................................................................................................................................................................................................................................................................................................................................................",
            "id": "projects/fullstacknet/regions//zones/",
            "project": "fullstacknet",
            "region": "",
            "zone": ""
          },
          "sensitive_attributes": []
        }
      ]
    },
    {
      "mode": "data",
      "type": "google_secret_manager_secret_version",
      "name": "database",
      "provider": "provider[\"registry.terraform.io/hashicorp/google\"]",
      "instances": [
        {
          "schema_version": 0,
          "attributes": {
            "create_time": "2022-05-01T23:14:09.322902Z",
            "destroy_time": null,
            "enabled": true,
            "id": "projects/858047120161/secrets/database/versions/2",
            "name": "projects/858047120161/secrets/database/versions/2",
            "project": "fullstacknet",
            "secret": "database",
            "secret_data": "wpdb",
            "version": "2"
          },
          "sensitive_attributes": []
        }
      ]
    },
    {
      "mode": "data",
      "type": "google_secret_manager_secret_version",
      "name": "db_user",
      "provider": "provider[\"registry.terraform.io/hashicorp/google\"]",
      "instances": [
        {
          "schema_version": 0,
          "attributes": {
            "create_time": "2022-05-01T23:13:54.028381Z",
            "destroy_time": null,
            "enabled": true,
            "id": "projects/858047120161/secrets/db_user/versions/2",
            "name": "projects/858047120161/secrets/db_user/versions/2",
            "project": "fullstacknet",
            "secret": "db_user",
            "secret_data": "wpuser",
            "version": "2"
          },
          "sensitive_attributes": []
        }
      ]
    },
    {
      "mode": "data",
      "type": "google_secret_manager_secret_version",
      "name": "db_user_pass",
      "provider": "provider[\"registry.terraform.io/hashicorp/google\"]",
      "instances": [
        {
          "schema_version": 0,
          "attributes": {
            "create_time": "2022-05-01T23:13:32.653561Z",
            "destroy_time": null,
            "enabled": true,
            "id": "projects/858047120161/secrets/db_user_pass/versions/2",
            "name": "projects/858047120161/secrets/db_user_pass/versions/2",
            "project": "fullstacknet",
            "secret": "db_user_pass",
            "secret_data": "wppass",
            "version": "2"
          },
          "sensitive_attributes": []
        }
      ]
    },
    {
      "mode": "data",
      "type": "google_secret_manager_secret_version",
      "name": "dns_key_secret",
      "provider": "provider[\"registry.terraform.io/hashicorp/google\"]",
      "instances": [
        {
          "schema_version": 0,
          "attributes": {
            "create_time": "2022-05-03T17:07:11.826554Z",
            "destroy_time": null,
            "enabled": true,
            "id": "projects/858047120161/secrets/dns_key_secret/versions/1",
            "name": "projects/858047120161/secrets/dns_key_secret/versions/1",
            "project": "fullstacknet",
            "secret": "dns_key_secret",
            "secret_data": "a2V5X3NlY3JldAo=",
            "version": "1"
          },
          "sensitive_attributes": []
        }
      ]
    },
    {
      "mode": "data",
      "type": "google_secret_manager_secret_version",
      "name": "key_name",
      "provider": "provider[\"registry.terraform.io/hashicorp/google\"]",
      "instances": [
        {
          "schema_version": 0,
          "attributes": {
            "create_time": "2022-05-03T17:16:25.468768Z",
            "destroy_time": null,
            "enabled": true,
            "id": "projects/858047120161/secrets/key_name/versions/1",
            "name": "projects/858047120161/secrets/key_name/versions/1",
            "project": "fullstacknet",
            "secret": "key_name",
            "secret_data": "fshcorp",
            "version": "1"
          },
          "sensitive_attributes": []
        }
      ]
    },
    {
      "mode": "data",
      "type": "google_secret_manager_secret_version",
      "name": "root_pass",
      "provider": "provider[\"registry.terraform.io/hashicorp/google\"]",
      "instances": [
        {
          "schema_version": 0,
          "attributes": {
            "create_time": "2022-05-01T23:12:30.113874Z",
            "destroy_time": null,
            "enabled": true,
            "id": "projects/858047120161/secrets/root_pass/versions/2",
            "name": "projects/858047120161/secrets/root_pass/versions/2",
            "project": "fullstacknet",
            "secret": "root_pass",
            "secret_data": "toor",
            "version": "2"
          },
          "sensitive_attributes": []
        }
      ]
    },
    {
      "mode": "managed",
      "type": "google_compute_firewall",
      "name": "firewall1",
      "provider": "provider[\"registry.terraform.io/hashicorp/google\"]",
      "instances": [
        {
          "schema_version": 1,
          "attributes": {
            "allow": [
              {
                "ports": [
                  "80",
                  "8080"
                ],
                "protocol": "tcp"
              },
              {
                "ports": [],
                "protocol": "icmp"
              }
            ],
            "creation_timestamp": "2022-06-07T15:38:18.528-07:00",
            "deny": [],
            "description": "",
            "destination_ranges": [],
            "direction": "INGRESS",
            "disabled": false,
            "enable_logging": null,
            "id": "projects/fullstacknet/global/firewalls/burnto-firewall",
            "log_config": [],
            "name": "burnto-firewall",
            "network": "https://www.googleapis.com/compute/v1/projects/fullstacknet/global/networks/prod-burnto-env",
            "priority": 1000,
            "project": "fullstacknet",
            "self_link": "https://www.googleapis.com/compute/v1/projects/fullstacknet/global/firewalls/burnto-firewall",
            "source_ranges": null,
            "source_service_accounts": null,
            "source_tags": [
              "wordpress",
              "wp"
            ],
            "target_service_accounts": null,
            "target_tags": null,
            "timeouts": null
          },
          "sensitive_attributes": [],
          "private": "eyJlMmJmYjczMC1lY2FhLTExZTYtOGY4OC0zNDM2M2JjN2M0YzAiOnsiY3JlYXRlIjoxMjAwMDAwMDAwMDAwLCJkZWxldGUiOjEyMDAwMDAwMDAwMDAsInVwZGF0ZSI6MTIwMDAwMDAwMDAwMH0sInNjaGVtYV92ZXJzaW9uIjoiMSJ9",
          "dependencies": [
            "google_compute_network.vpc_network1"
          ]
        }
      ]
    },
    {
      "mode": "managed",
      "type": "google_compute_firewall",
      "name": "firewall2",
      "provider": "provider[\"registry.terraform.io/hashicorp/google\"]",
      "instances": [
        {
          "schema_version": 1,
          "attributes": {
            "allow": [
              {
                "ports": [
                  "80",
                  "8080",
                  "3306"
                ],
                "protocol": "tcp"
              }
            ],
            "creation_timestamp": "2022-06-07T15:38:18.133-07:00",
            "deny": [],
            "description": "",
            "destination_ranges": [],
            "direction": "INGRESS",
            "disabled": false,
            "enable_logging": null,
            "id": "projects/fullstacknet/global/firewalls/floridaburns-db-firewall",
            "log_config": [],
            "name": "floridaburns-db-firewall",
            "network": "https://www.googleapis.com/compute/v1/projects/fullstacknet/global/networks/prod-burnto-db-env",
            "priority": 1000,
            "project": "fullstacknet",
            "self_link": "https://www.googleapis.com/compute/v1/projects/fullstacknet/global/firewalls/floridaburns-db-firewall",
            "source_ranges": null,
            "source_service_accounts": null,
            "source_tags": [
              "database",
              "db"
            ],
            "target_service_accounts": null,
            "target_tags": null,
            "timeouts": null
          },
          "sensitive_attributes": [],
          "private": "eyJlMmJmYjczMC1lY2FhLTExZTYtOGY4OC0zNDM2M2JjN2M0YzAiOnsiY3JlYXRlIjoxMjAwMDAwMDAwMDAwLCJkZWxldGUiOjEyMDAwMDAwMDAwMDAsInVwZGF0ZSI6MTIwMDAwMDAwMDAwMH0sInNjaGVtYV92ZXJzaW9uIjoiMSJ9",
          "dependencies": [
            "google_compute_network.vpc_network2"
          ]
        }
      ]
    },
    {
      "mode": "managed",
      "type": "google_compute_network",
      "name": "vpc_network1",
      "provider": "provider[\"registry.terraform.io/hashicorp/google\"]",
      "instances": [
        {
          "schema_version": 0,
          "attributes": {
            "auto_create_subnetworks": false,
            "delete_default_routes_on_create": false,
            "description": "VPC Network for WordPress",
            "gateway_ipv4": "",
            "id": "projects/fullstacknet/global/networks/prod-burnto-env",
            "mtu": 0,
            "name": "prod-burnto-env",
            "project": "fullstacknet",
            "routing_mode": "REGIONAL",
            "self_link": "https://www.googleapis.com/compute/v1/projects/fullstacknet/global/networks/prod-burnto-env",
            "timeouts": null
          },
          "sensitive_attributes": [],
          "private": "eyJlMmJmYjczMC1lY2FhLTExZTYtOGY4OC0zNDM2M2JjN2M0YzAiOnsiY3JlYXRlIjoxMjAwMDAwMDAwMDAwLCJkZWxldGUiOjEyMDAwMDAwMDAwMDAsInVwZGF0ZSI6MTIwMDAwMDAwMDAwMH19"
        }
      ]
    },
    {
      "mode": "managed",
      "type": "google_compute_network",
      "name": "vpc_network2",
      "provider": "provider[\"registry.terraform.io/hashicorp/google\"]",
      "instances": [
        {
          "schema_version": 0,
          "attributes": {
            "auto_create_subnetworks": false,
            "delete_default_routes_on_create": false,
            "description": "VPC Network For dataBase",
            "gateway_ipv4": "",
            "id": "projects/fullstacknet/global/networks/prod-burnto-db-env",
            "mtu": 0,
            "name": "prod-burnto-db-env",
            "project": "fullstacknet",
            "routing_mode": "REGIONAL",
            "self_link": "https://www.googleapis.com/compute/v1/projects/fullstacknet/global/networks/prod-burnto-db-env",
            "timeouts": null
          },
          "sensitive_attributes": [],
          "private": "eyJlMmJmYjczMC1lY2FhLTExZTYtOGY4OC0zNDM2M2JjN2M0YzAiOnsiY3JlYXRlIjoxMjAwMDAwMDAwMDAwLCJkZWxldGUiOjEyMDAwMDAwMDAwMDAsInVwZGF0ZSI6MTIwMDAwMDAwMDAwMH19"
        }
      ]
    },
    {
      "mode": "managed",
      "type": "google_compute_network_peering",
      "name": "peering1",
      "provider": "provider[\"registry.terraform.io/hashicorp/google\"]",
      "instances": [
        {
          "schema_version": 0,
          "attributes": {
            "export_custom_routes": false,
            "export_subnet_routes_with_public_ip": true,
            "id": "prod-burnto-env/floridaburns-to-db",
            "import_custom_routes": false,
            "import_subnet_routes_with_public_ip": false,
            "name": "floridaburns-to-db",
            "network": "projects/fullstacknet/global/networks/prod-burnto-env",
            "peer_network": "https://www.googleapis.com/compute/v1/projects/fullstacknet/global/networks/prod-burnto-db-env",
            "state": "INACTIVE",
            "state_details": "[2022-06-07T15:38:18.470-07:00]: Waiting for peer network to connect.",
            "timeouts": null
          },
          "sensitive_attributes": [],
          "private": "eyJlMmJmYjczMC1lY2FhLTExZTYtOGY4OC0zNDM2M2JjN2M0YzAiOnsiY3JlYXRlIjoyNDAwMDAwMDAwMDAsImRlbGV0ZSI6MjQwMDAwMDAwMDAwLCJ1cGRhdGUiOjI0MDAwMDAwMDAwMH19",
          "dependencies": [
            "google_compute_network.vpc_network1",
            "google_compute_network.vpc_network2"
          ]
        }
      ]
    },
    {
      "mode": "managed",
      "type": "google_compute_network_peering",
      "name": "peering2",
      "provider": "provider[\"registry.terraform.io/hashicorp/google\"]",
      "instances": [
        {
          "schema_version": 0,
          "attributes": {
            "export_custom_routes": false,
            "export_subnet_routes_with_public_ip": true,
            "id": "prod-burnto-db-env/db-to-floridaburns",
            "import_custom_routes": false,
            "import_subnet_routes_with_public_ip": false,
            "name": "db-to-floridaburns",
            "network": "projects/fullstacknet/global/networks/prod-burnto-db-env",
            "peer_network": "https://www.googleapis.com/compute/v1/projects/fullstacknet/global/networks/prod-burnto-env",
            "state": "ACTIVE",
            "state_details": "[2022-06-07T15:38:22.588-07:00]: Connected.",
            "timeouts": null
          },
          "sensitive_attributes": [],
          "private": "eyJlMmJmYjczMC1lY2FhLTExZTYtOGY4OC0zNDM2M2JjN2M0YzAiOnsiY3JlYXRlIjoyNDAwMDAwMDAwMDAsImRlbGV0ZSI6MjQwMDAwMDAwMDAwLCJ1cGRhdGUiOjI0MDAwMDAwMDAwMH19",
          "dependencies": [
            "google_compute_network.vpc_network1",
            "google_compute_network.vpc_network2"
          ]
        }
      ]
    },
    {
      "mode": "managed",
      "type": "google_compute_subnetwork",
      "name": "subnetwork1",
      "provider": "provider[\"registry.terraform.io/hashicorp/google\"]",
      "instances": [
        {
          "schema_version": 0,
          "attributes": {
            "creation_timestamp": "2022-06-07T15:38:18.425-07:00",
            "description": "",
            "external_ipv6_prefix": "",
            "fingerprint": null,
            "gateway_address": "10.2.0.1",
            "id": "projects/fullstacknet/regions/us-central1/subnetworks/burnto-subnet",
            "ip_cidr_range": "10.2.0.0/16",
            "ipv6_access_type": "",
            "ipv6_cidr_range": "",
            "log_config": [],
            "name": "burnto-subnet",
            "network": "https://www.googleapis.com/compute/v1/projects/fullstacknet/global/networks/prod-burnto-env",
            "private_ip_google_access": false,
            "private_ipv6_google_access": "DISABLE_GOOGLE_ACCESS",
            "project": "fullstacknet",
            "purpose": "PRIVATE",
            "region": "us-central1",
            "role": "",
            "secondary_ip_range": [],
            "self_link": "https://www.googleapis.com/compute/v1/projects/fullstacknet/regions/us-central1/subnetworks/burnto-subnet",
            "stack_type": "IPV4_ONLY",
            "timeouts": null
          },
          "sensitive_attributes": [],
          "private": "eyJlMmJmYjczMC1lY2FhLTExZTYtOGY4OC0zNDM2M2JjN2M0YzAiOnsiY3JlYXRlIjoxMjAwMDAwMDAwMDAwLCJkZWxldGUiOjEyMDAwMDAwMDAwMDAsInVwZGF0ZSI6MTIwMDAwMDAwMDAwMH19",
          "dependencies": [
            "google_compute_network.vpc_network1"
          ]
        }
      ]
    },
    {
      "mode": "managed",
      "type": "google_compute_subnetwork",
      "name": "subnetwork2",
      "provider": "provider[\"registry.terraform.io/hashicorp/google\"]",
      "instances": [
        {
          "schema_version": 0,
          "attributes": {
            "creation_timestamp": "2022-06-07T15:38:19.554-07:00",
            "description": "",
            "external_ipv6_prefix": "",
            "fingerprint": null,
            "gateway_address": "10.4.0.1",
            "id": "projects/fullstacknet/regions/asia-south1/subnetworks/floridaburns-db-subnet",
            "ip_cidr_range": "10.4.0.0/16",
            "ipv6_access_type": "",
            "ipv6_cidr_range": "",
            "log_config": [],
            "name": "floridaburns-db-subnet",
            "network": "https://www.googleapis.com/compute/v1/projects/fullstacknet/global/networks/prod-burnto-db-env",
            "private_ip_google_access": false,
            "private_ipv6_google_access": "DISABLE_GOOGLE_ACCESS",
            "project": "fullstacknet",
            "purpose": "PRIVATE",
            "region": "asia-south1",
            "role": "",
            "secondary_ip_range": [],
            "self_link": "https://www.googleapis.com/compute/v1/projects/fullstacknet/regions/asia-south1/subnetworks/floridaburns-db-subnet",
            "stack_type": "IPV4_ONLY",
            "timeouts": null
          },
          "sensitive_attributes": [],
          "private": "eyJlMmJmYjczMC1lY2FhLTExZTYtOGY4OC0zNDM2M2JjN2M0YzAiOnsiY3JlYXRlIjoxMjAwMDAwMDAwMDAwLCJkZWxldGUiOjEyMDAwMDAwMDAwMDAsInVwZGF0ZSI6MTIwMDAwMDAwMDAwMH19",
          "dependencies": [
            "google_compute_network.vpc_network2"
          ]
        }
      ]
    },
    {
      "mode": "managed",
      "type": "google_container_cluster",
      "name": "gke_cluster1",
      "provider": "provider[\"registry.terraform.io/hashicorp/google\"]",
      "instances": [
        {
          "schema_version": 1,
          "attributes": {
            "addons_config": [
              {
                "cloudrun_config": [],
                "gcp_filestore_csi_driver_config": [],
                "horizontal_pod_autoscaling": [],
                "http_load_balancing": [],
                "network_policy_config": [
                  {
                    "disabled": true
                  }
                ]
              }
            ],
            "authenticator_groups_config": [],
            "cluster_autoscaling": [
              {
                "auto_provisioning_defaults": [],
                "enabled": false,
                "resource_limits": []
              }
            ],
            "cluster_ipv4_cidr": "10.188.0.0/14",
            "confidential_nodes": [],
            "database_encryption": [
              {
                "key_name": "",
                "state": "DECRYPTED"
              }
            ],
            "datapath_provider": "",
            "default_max_pods_per_node": null,
            "default_snat_status": [
              {
                "disabled": false
              }
            ],
            "description": "My GKE Cluster",
            "dns_config": [],
            "enable_autopilot": false,
            "enable_binary_authorization": false,
            "enable_intranode_visibility": false,
            "enable_kubernetes_alpha": false,
            "enable_legacy_abac": false,
            "enable_shielded_nodes": true,
            "enable_tpu": false,
            "endpoint": "35.225.110.53",
            "id": "projects/fullstacknet/locations/us-central1/clusters/floridaburns-cluster",
            "initial_node_count": 1,
            "ip_allocation_policy": [],
            "label_fingerprint": "a9dc16a7",
            "location": "us-central1",
            "logging_config": [
              {
                "enable_components": [
                  "SYSTEM_COMPONENTS",
                  "WORKLOADS"
                ]
              }
            ],
            "logging_service": "logging.googleapis.com/kubernetes",
            "maintenance_policy": [],
            "master_auth": [
              {
                "client_certificate": "",
                "client_certificate_config": [
                  {
                    "issue_client_certificate": false
                  }
                ],
                "client_key": "",
                "cluster_ca_certificate": "LS0tLS1CRUdJTiBDRVJUSUZJQ0FURS0tLS0tCk1JSUVMVENDQXBXZ0F3SUJBZ0lSQUs1QWVjZHpCaEJjbEtYZEg3UUovOVF3RFFZSktvWklodmNOQVFFTEJRQXcKTHpFdE1Dc0dBMVVFQXhNa01qaGpNVE5rTW1VdFlqY3dOQzAwT0Rsa0xUZzNOamN0T0dNNVpXTmlabVkzTlRoaQpNQ0FYRFRJeU1EWXdOekl4TXpneU9Wb1lEekl3TlRJd05UTXdNakl6T0RJNVdqQXZNUzB3S3dZRFZRUURFeVF5Ck9HTXhNMlF5WlMxaU56QTBMVFE0T1dRdE9EYzJOeTA0WXpsbFkySm1aamMxT0dJd2dnR2lNQTBHQ1NxR1NJYjMKRFFFQkFRVUFBNElCandBd2dnR0tBb0lCZ1FEUEFJYVkyUGtiaWxWdzh3MTQ3N2RtZUh6Z2haRjQxQ1FnZkt0ZgpaUE1ZcjZyaVV1S1FYa2tVMHpoaW54ODZtWFRlNFQyY0svSmFWMDRXV08yQ0xVU2lYRUcxb0JCM3VHNERCTTRwCjFBbFdtSE1NZUE2Ty9Fak5uajVheXRkNklRRVN3N2xlcExQbE9oUmYzd2s1dDhMbmlzSkl3S0lxWTM4WlFsWjEKYUJ5RDRuSHRyQTh6VTJxN3dUeVlmQ2NVN0p4aWxVOEp2dVh2akhRVDVYYnhhR1pjSWxwRHZGeTdSU3EwekF3awovR3pZZ3NVclVSaWkxOXBseVBaSkRuOGNNRDRDOVBGNFBPdzcrZytnd3lQTlh4SXdNOFB0ZldCWi80RFVYQjBrCmNNWHRxZFhtQTJ6NzliOGExV0NhajAwTWJNQ1I5TVQ5MWZpdXp2bWY5TVc0OGdUMHJwVjNMaW41N3Uzby8vUTYKdU9hQ2NCbzhOTnZaZnVEMUF1dDFQQVB0ckUwYldiRERxbGVWekpSSmFwWDZhSFBkRlFIQTJCbDNVUmtTdUkragpMM1Bjb0pZL2pFMURPZk9va3lOanBnbTdzZjM5bjZKTVFjSnlqeENQZVNINlRIN3hyVSthVE1zRS9iNXplVFA1CnArVG85ZUo4K2d3TzQ1bzFKaUp6eGkrMjIwMENBd0VBQWFOQ01FQXdEZ1lEVlIwUEFRSC9CQVFEQWdJRU1BOEcKQTFVZEV3RUIvd1FGTUFNQkFmOHdIUVlEVlIwT0JCWUVGT1ZsNEsxc0pBRTZyYkh5QUxKVmpiOU4rWHlBTUEwRwpDU3FHU0liM0RRRUJDd1VBQTRJQmdRRElmbHZIejEwZDcwNnMzQmJsZzVrLzhZdWtFbng5Z09LZ3VrcmdydHk1CjkrUzAyb1dpOWxCNWRQTktLMlZsYnFqVDM0bXBtYUtZTGRHS0wyWEs3MWV1M3Z5MEdzenZMTHpadm1BQlRhZncKeUI5c20wN1hoSjh3RDJhdlZ4TmxIcGY1ZGduN2tMdmNJYzZKNXlQNkpzWmJEQmJZSUo4NWsvcXRmdGlDYWNxbAppR2dQYXN5ZkZ4NmVvUU1Vczhic1hrUlpiWDBzaXpZS2FXS2c3TmhKeHZNZFFNNzdvMjNsbVc5RmRlM0doS0NjCjc5YWlyekoxaWNRNUJUU1pyMkJqcTZUaElQeHp3Umh6U0NPVm8wd3JoZmU0SUhoSFBLWWpNWDZ4QjYwWEhNL2gKcDVaTWRWMUxsQjFrUXpVU3NMQkdsUXVnbWJxUDlCRXZVcEhla2pZbllDMHRxd2hhWjlsWTZXKzNLeXl4THlySgpIbVJQQVlpZ1RjRlVQVThPNEY4YlJpMTNDMVhQY2dOWkpMVUg2ZmxIbmpSN0VZYUJhR0xhOUQrcjU5OE9lTWx5CnZldmZjYmpJMk91b2dTbVhjWHVRVWpxKzFQZjg0WWpLbHZqK3VIMTZUbnE4TktuZmlJTjd2ZlFZYXE1VGs1Qm0KdUZKUmhkZWg5eXNPbkNIQ0RKRlV3Nmc9Ci0tLS0tRU5EIENFUlRJRklDQVRFLS0tLS0K"
              }
            ],
            "master_authorized_networks_config": [],
            "master_version": "1.22.8-gke.201",
            "min_master_version": null,
            "monitoring_config": [
              {
                "enable_components": [
                  "SYSTEM_COMPONENTS"
                ]
              }
            ],
            "monitoring_service": "monitoring.googleapis.com/kubernetes",
            "name": "floridaburns-cluster",
            "network": "projects/fullstacknet/global/networks/prod-burnto-env",
            "network_policy": [
              {
                "enabled": false,
                "provider": "PROVIDER_UNSPECIFIED"
              }
            ],
            "networking_mode": "ROUTES",
            "node_config": [],
            "node_locations": [
              "us-central1-b",
              "us-central1-c",
              "us-central1-f"
            ],
            "node_pool": [],
            "node_version": "1.22.8-gke.201",
            "operation": null,
            "private_cluster_config": [],
            "private_ipv6_google_access": "",
            "project": "fullstacknet",
            "release_channel": [
              {
                "channel": "REGULAR"
              }
            ],
            "remove_default_node_pool": true,
            "resource_labels": null,
            "resource_usage_export_config": [],
            "self_link": "https://container.googleapis.com/v1/projects/fullstacknet/locations/us-central1/clusters/floridaburns-cluster",
            "services_ipv4_cidr": "10.191.240.0/20",
            "subnetwork": "projects/fullstacknet/regions/us-central1/subnetworks/burnto-subnet",
            "timeouts": null,
            "tpu_ipv4_cidr_block": "",
            "vertical_pod_autoscaling": [],
            "workload_identity_config": []
          },
          "sensitive_attributes": [],
          "private": "eyJlMmJmYjczMC1lY2FhLTExZTYtOGY4OC0zNDM2M2JjN2M0YzAiOnsiY3JlYXRlIjoyNDAwMDAwMDAwMDAwLCJkZWxldGUiOjI0MDAwMDAwMDAwMDAsInJlYWQiOjI0MDAwMDAwMDAwMDAsInVwZGF0ZSI6MzYwMDAwMDAwMDAwMH0sInNjaGVtYV92ZXJzaW9uIjoiMSJ9",
          "dependencies": [
            "google_compute_network.vpc_network1",
            "google_compute_subnetwork.subnetwork1"
          ]
        }
      ]
    },
    {
      "mode": "managed",
      "type": "google_container_node_pool",
      "name": "nodepool1",
      "provider": "provider[\"registry.terraform.io/hashicorp/google\"]",
      "instances": [
        {
          "schema_version": 1,
          "attributes": {
            "autoscaling": [
              {
                "max_node_count": 3,
                "min_node_count": 1
              }
            ],
            "cluster": "floridaburns-cluster",
            "id": "projects/fullstacknet/locations/us-central1/clusters/floridaburns-cluster/nodePools/floridaburns-node-pool",
            "initial_node_count": 1,
            "instance_group_urls": [
              "https://www.googleapis.com/compute/v1/projects/fullstacknet/zones/us-central1-b/instanceGroupManagers/gke-floridaburns-clu-floridaburns-nod-3289c507-grp",
              "https://www.googleapis.com/compute/v1/projects/fullstacknet/zones/us-central1-f/instanceGroupManagers/gke-floridaburns-clu-floridaburns-nod-a6d71b17-grp",
              "https://www.googleapis.com/compute/v1/projects/fullstacknet/zones/us-central1-c/instanceGroupManagers/gke-floridaburns-clu-floridaburns-nod-11ad3bf7-grp"
            ],
            "location": "us-central1",
            "managed_instance_group_urls": [
              "https://www.googleapis.com/compute/v1/projects/fullstacknet/zones/us-central1-b/instanceGroups/gke-floridaburns-clu-floridaburns-nod-3289c507-grp",
              "https://www.googleapis.com/compute/v1/projects/fullstacknet/zones/us-central1-f/instanceGroups/gke-floridaburns-clu-floridaburns-nod-a6d71b17-grp",
              "https://www.googleapis.com/compute/v1/projects/fullstacknet/zones/us-central1-c/instanceGroups/gke-floridaburns-clu-floridaburns-nod-11ad3bf7-grp"
            ],
            "management": [
              {
                "auto_repair": true,
                "auto_upgrade": true
              }
            ],
            "max_pods_per_node": null,
            "name": "floridaburns-node-pool",
            "name_prefix": "",
            "node_config": [
              {
                "boot_disk_kms_key": "",
                "disk_size_gb": 100,
                "disk_type": "pd-standard",
                "gcfs_config": [],
                "guest_accelerator": [],
                "gvnic": [],
                "image_type": "COS_CONTAINERD",
                "labels": {},
                "local_ssd_count": 0,
                "machine_type": "e2-standard-2",
                "metadata": {
                  "disable-legacy-endpoints": "true"
                },
                "min_cpu_platform": "",
                "node_group": "",
                "oauth_scopes": [
                  "https://www.googleapis.com/auth/logging.write",
                  "https://www.googleapis.com/auth/monitoring"
                ],
                "preemptible": true,
                "service_account": "default",
                "shielded_instance_config": [
                  {
                    "enable_integrity_monitoring": true,
                    "enable_secure_boot": false
                  }
                ],
                "tags": null,
                "taint": [],
                "workload_metadata_config": []
              }
            ],
            "node_count": 1,
            "node_locations": [
              "us-central1-b",
              "us-central1-c",
              "us-central1-f"
            ],
            "operation": null,
            "project": "fullstacknet",
            "timeouts": null,
            "upgrade_settings": [
              {
                "max_surge": 1,
                "max_unavailable": 0
              }
            ],
            "version": "1.22.8-gke.201"
          },
          "sensitive_attributes": [],
          "private": "eyJlMmJmYjczMC1lY2FhLTExZTYtOGY4OC0zNDM2M2JjN2M0YzAiOnsiY3JlYXRlIjoxODAwMDAwMDAwMDAwLCJkZWxldGUiOjE4MDAwMDAwMDAwMDAsInVwZGF0ZSI6MTgwMDAwMDAwMDAwMH0sInNjaGVtYV92ZXJzaW9uIjoiMSJ9",
          "dependencies": [
            "google_compute_network.vpc_network1",
            "google_compute_subnetwork.subnetwork1",
            "google_container_cluster.gke_cluster1"
          ]
        }
      ]
    },
    {
      "mode": "managed",
      "type": "google_sql_database",
      "name": "sql_db",
      "provider": "provider[\"registry.terraform.io/hashicorp/google\"]",
      "instances": []
    },
    {
      "mode": "managed",
      "type": "google_sql_user",
      "name": "dbUser",
      "provider": "provider[\"registry.terraform.io/hashicorp/google\"]",
      "instances": []
    },
    {
      "mode": "managed",
      "type": "kubernetes_deployment",
      "name": "wp-dep",
      "provider": "provider[\"registry.terraform.io/hashicorp/kubernetes\"]",
      "instances": []
    },
    {
      "mode": "managed",
      "type": "kubernetes_namespace",
      "name": "bac",
      "provider": "provider[\"registry.terraform.io/hashicorp/kubernetes\"]",
      "instances": [
        {
          "schema_version": 0,
          "attributes": {
            "id": "floridaburns",
            "metadata": [
              {
                "annotations": null,
                "generate_name": "",
                "generation": 0,
                "labels": null,
                "name": "floridaburns",
                "resource_version": "2189",
                "uid": "8f416f87-08d1-4d75-a604-94c93abf7f97"
              }
            ],
            "timeouts": null
          },
          "sensitive_attributes": [],
          "private": "eyJlMmJmYjczMC1lY2FhLTExZTYtOGY4OC0zNDM2M2JjN2M0YzAiOnsiZGVsZXRlIjozMDAwMDAwMDAwMDB9fQ==",
          "dependencies": [
            "data.google_client_config.default",
            "google_compute_network.vpc_network1",
            "google_compute_subnetwork.subnetwork1",
            "google_container_cluster.gke_cluster1"
          ]
        }
      ]
    },
    {
      "mode": "managed",
      "type": "kubernetes_service",
      "name": "wpService",
      "provider": "provider[\"registry.terraform.io/hashicorp/kubernetes\"]",
      "instances": []
    },
    {
      "mode": "managed",
      "type": "null_resource",
      "name": "configure_kubectl",
      "provider": "provider[\"registry.terraform.io/hashicorp/null\"]",
      "instances": [
        {
          "schema_version": 0,
          "attributes": {
            "id": "4022218685385500313",
            "triggers": null
          },
          "sensitive_attributes": [],
          "private": "bnVsbA==",
          "dependencies": [
            "google_compute_network.vpc_network1",
            "google_compute_subnetwork.subnetwork1",
            "google_container_cluster.gke_cluster1",
            "null_resource.set_gcloud_project"
          ]
        }
      ]
    },
    {
      "mode": "managed",
      "type": "null_resource",
      "name": "set_gcloud_project",
      "provider": "provider[\"registry.terraform.io/hashicorp/null\"]",
      "instances": [
        {
          "schema_version": 0,
          "attributes": {
            "id": "5155284523214955430",
            "triggers": null
          },
          "sensitive_attributes": [],
          "private": "bnVsbA=="
        }
      ]
    }
  ]
}
