{
  "version": 4,
  "terraform_version": "1.1.9",
  "serial": 80,
  "lineage": "02c2db5f-e64f-20c4-a755-820887bb9c57",
  "outputs": {
    "database_name": {
      "value": "wpdb",
      "type": "string",
      "sensitive": true
    },
    "db_host": {
      "value": "34.100.128.149",
      "type": "string"
    },
    "db_user_name": {
      "value": "wpuser",
      "type": "string",
      "sensitive": true
    },
    "db_user_passwd": {
      "value": "wppass",
      "type": "string",
      "sensitive": true
    },
    "wp_service_url": {
      "value": "34.135.127.194",
      "type": "string"
    }
  },
  "resources": [
    {
      "mode": "data",
      "type": "google_client_config",
      "name": "default",
      "provider": "provider[\"registry.terraform.io/hashicorp/google\"]",
      "instances": [
        {
          "schema_version": 0,
          "attributes": {
            "access_token": "ya29.c.b0AXv0zTMzJpUrYkhZSQ_64ELQdn3-BU1nfLh8IMzHusjk2NsdSRMSBsD19tCj9xAmyPD_VG0niRlWCZQ_WJtdSVt7adsjn_zu7fF-ISTt5DvfcUm61wHmq9BC6h2leorosZVQQvTAUNGLJzrTsto7wEWk8ZbxqURX1sqvhuBS143c9di77Jja96rezBBrgbabhzF9c20FZ94jTsyYSGbWdh61eLYmpBpy.......................................................................................................................................................................................................................................................................................................................................................................................................................................................................................................................................................................................................................................................................................................................................................................................................................",
            "id": "projects/fullstacknet/regions//zones/",
            "project": "fullstacknet",
            "region": "",
            "zone": ""
          },
          "sensitive_attributes": []
        }
      ]
    },
    {
      "mode": "data",
      "type": "google_secret_manager_secret_version",
      "name": "database",
      "provider": "provider[\"registry.terraform.io/hashicorp/google\"]",
      "instances": [
        {
          "schema_version": 0,
          "attributes": {
            "create_time": "2022-05-01T23:14:09.322902Z",
            "destroy_time": null,
            "enabled": true,
            "id": "projects/858047120161/secrets/database/versions/2",
            "name": "projects/858047120161/secrets/database/versions/2",
            "project": "fullstacknet",
            "secret": "database",
            "secret_data": "wpdb",
            "version": "2"
          },
          "sensitive_attributes": []
        }
      ]
    },
    {
      "mode": "data",
      "type": "google_secret_manager_secret_version",
      "name": "db_user",
      "provider": "provider[\"registry.terraform.io/hashicorp/google\"]",
      "instances": [
        {
          "schema_version": 0,
          "attributes": {
            "create_time": "2022-05-01T23:13:54.028381Z",
            "destroy_time": null,
            "enabled": true,
            "id": "projects/858047120161/secrets/db_user/versions/2",
            "name": "projects/858047120161/secrets/db_user/versions/2",
            "project": "fullstacknet",
            "secret": "db_user",
            "secret_data": "wpuser",
            "version": "2"
          },
          "sensitive_attributes": []
        }
      ]
    },
    {
      "mode": "data",
      "type": "google_secret_manager_secret_version",
      "name": "db_user_pass",
      "provider": "provider[\"registry.terraform.io/hashicorp/google\"]",
      "instances": [
        {
          "schema_version": 0,
          "attributes": {
            "create_time": "2022-05-01T23:13:32.653561Z",
            "destroy_time": null,
            "enabled": true,
            "id": "projects/858047120161/secrets/db_user_pass/versions/2",
            "name": "projects/858047120161/secrets/db_user_pass/versions/2",
            "project": "fullstacknet",
            "secret": "db_user_pass",
            "secret_data": "wppass",
            "version": "2"
          },
          "sensitive_attributes": []
        }
      ]
    },
    {
      "mode": "data",
      "type": "google_secret_manager_secret_version",
      "name": "dns_key_secret",
      "provider": "provider[\"registry.terraform.io/hashicorp/google\"]",
      "instances": [
        {
          "schema_version": 0,
          "attributes": {
            "create_time": "2022-05-03T17:07:11.826554Z",
            "destroy_time": null,
            "enabled": true,
            "id": "projects/858047120161/secrets/dns_key_secret/versions/1",
            "name": "projects/858047120161/secrets/dns_key_secret/versions/1",
            "project": "fullstacknet",
            "secret": "dns_key_secret",
            "secret_data": "a2V5X3NlY3JldAo=",
            "version": "1"
          },
          "sensitive_attributes": []
        }
      ]
    },
    {
      "mode": "data",
      "type": "google_secret_manager_secret_version",
      "name": "key_name",
      "provider": "provider[\"registry.terraform.io/hashicorp/google\"]",
      "instances": [
        {
          "schema_version": 0,
          "attributes": {
            "create_time": "2022-05-03T17:16:25.468768Z",
            "destroy_time": null,
            "enabled": true,
            "id": "projects/858047120161/secrets/key_name/versions/1",
            "name": "projects/858047120161/secrets/key_name/versions/1",
            "project": "fullstacknet",
            "secret": "key_name",
            "secret_data": "fshcorp",
            "version": "1"
          },
          "sensitive_attributes": []
        }
      ]
    },
    {
      "mode": "data",
      "type": "google_secret_manager_secret_version",
      "name": "root_pass",
      "provider": "provider[\"registry.terraform.io/hashicorp/google\"]",
      "instances": [
        {
          "schema_version": 0,
          "attributes": {
            "create_time": "2022-05-01T23:12:30.113874Z",
            "destroy_time": null,
            "enabled": true,
            "id": "projects/858047120161/secrets/root_pass/versions/2",
            "name": "projects/858047120161/secrets/root_pass/versions/2",
            "project": "fullstacknet",
            "secret": "root_pass",
            "secret_data": "toor",
            "version": "2"
          },
          "sensitive_attributes": []
        }
      ]
    },
    {
      "mode": "managed",
      "type": "google_compute_firewall",
      "name": "firewall1",
      "provider": "provider[\"registry.terraform.io/hashicorp/google\"]",
      "instances": [
        {
          "schema_version": 1,
          "attributes": {
            "allow": [
              {
                "ports": [
                  "80",
                  "8080"
                ],
                "protocol": "tcp"
              },
              {
                "ports": [],
                "protocol": "icmp"
              }
            ],
            "creation_timestamp": "2022-06-07T15:38:18.528-07:00",
            "deny": [],
            "description": "",
            "destination_ranges": [],
            "direction": "INGRESS",
            "disabled": false,
            "enable_logging": null,
            "id": "projects/fullstacknet/global/firewalls/burnto-firewall",
            "log_config": [],
            "name": "burnto-firewall",
            "network": "https://www.googleapis.com/compute/v1/projects/fullstacknet/global/networks/prod-burnto-env",
            "priority": 1000,
            "project": "fullstacknet",
            "self_link": "https://www.googleapis.com/compute/v1/projects/fullstacknet/global/firewalls/burnto-firewall",
            "source_ranges": [],
            "source_service_accounts": [],
            "source_tags": [
              "wordpress",
              "wp"
            ],
            "target_service_accounts": [],
            "target_tags": [],
            "timeouts": null
          },
          "sensitive_attributes": [],
          "private": "eyJlMmJmYjczMC1lY2FhLTExZTYtOGY4OC0zNDM2M2JjN2M0YzAiOnsiY3JlYXRlIjoxMjAwMDAwMDAwMDAwLCJkZWxldGUiOjEyMDAwMDAwMDAwMDAsInVwZGF0ZSI6MTIwMDAwMDAwMDAwMH0sInNjaGVtYV92ZXJzaW9uIjoiMSJ9",
          "dependencies": [
            "google_compute_network.vpc_network1"
          ]
        }
      ]
    },
    {
      "mode": "managed",
      "type": "google_compute_firewall",
      "name": "firewall2",
      "provider": "provider[\"registry.terraform.io/hashicorp/google\"]",
      "instances": [
        {
          "schema_version": 1,
          "attributes": {
            "allow": [
              {
                "ports": [
                  "80",
                  "8080",
                  "3306"
                ],
                "protocol": "tcp"
              }
            ],
            "creation_timestamp": "2022-06-07T15:38:18.133-07:00",
            "deny": [],
            "description": "",
            "destination_ranges": [],
            "direction": "INGRESS",
            "disabled": false,
            "enable_logging": null,
            "id": "projects/fullstacknet/global/firewalls/floridaburns-db-firewall",
            "log_config": [],
            "name": "floridaburns-db-firewall",
            "network": "https://www.googleapis.com/compute/v1/projects/fullstacknet/global/networks/prod-burnto-db-env",
            "priority": 1000,
            "project": "fullstacknet",
            "self_link": "https://www.googleapis.com/compute/v1/projects/fullstacknet/global/firewalls/floridaburns-db-firewall",
            "source_ranges": [],
            "source_service_accounts": [],
            "source_tags": [
              "database",
              "db"
            ],
            "target_service_accounts": [],
            "target_tags": [],
            "timeouts": null
          },
          "sensitive_attributes": [],
          "private": "eyJlMmJmYjczMC1lY2FhLTExZTYtOGY4OC0zNDM2M2JjN2M0YzAiOnsiY3JlYXRlIjoxMjAwMDAwMDAwMDAwLCJkZWxldGUiOjEyMDAwMDAwMDAwMDAsInVwZGF0ZSI6MTIwMDAwMDAwMDAwMH0sInNjaGVtYV92ZXJzaW9uIjoiMSJ9",
          "dependencies": [
            "google_compute_network.vpc_network2"
          ]
        }
      ]
    },
    {
      "mode": "managed",
      "type": "google_compute_network",
      "name": "vpc_network1",
      "provider": "provider[\"registry.terraform.io/hashicorp/google\"]",
      "instances": [
        {
          "schema_version": 0,
          "attributes": {
            "auto_create_subnetworks": false,
            "delete_default_routes_on_create": false,
            "description": "VPC Network for WordPress",
            "gateway_ipv4": "",
            "id": "projects/fullstacknet/global/networks/prod-burnto-env",
            "mtu": 0,
            "name": "prod-burnto-env",
            "project": "fullstacknet",
            "routing_mode": "REGIONAL",
            "self_link": "https://www.googleapis.com/compute/v1/projects/fullstacknet/global/networks/prod-burnto-env",
            "timeouts": null
          },
          "sensitive_attributes": [],
          "private": "eyJlMmJmYjczMC1lY2FhLTExZTYtOGY4OC0zNDM2M2JjN2M0YzAiOnsiY3JlYXRlIjoxMjAwMDAwMDAwMDAwLCJkZWxldGUiOjEyMDAwMDAwMDAwMDAsInVwZGF0ZSI6MTIwMDAwMDAwMDAwMH19"
        }
      ]
    },
    {
      "mode": "managed",
      "type": "google_compute_network",
      "name": "vpc_network2",
      "provider": "provider[\"registry.terraform.io/hashicorp/google\"]",
      "instances": [
        {
          "schema_version": 0,
          "attributes": {
            "auto_create_subnetworks": false,
            "delete_default_routes_on_create": false,
            "description": "VPC Network For dataBase",
            "gateway_ipv4": "",
            "id": "projects/fullstacknet/global/networks/prod-burnto-db-env",
            "mtu": 0,
            "name": "prod-burnto-db-env",
            "project": "fullstacknet",
            "routing_mode": "REGIONAL",
            "self_link": "https://www.googleapis.com/compute/v1/projects/fullstacknet/global/networks/prod-burnto-db-env",
            "timeouts": null
          },
          "sensitive_attributes": [],
          "private": "eyJlMmJmYjczMC1lY2FhLTExZTYtOGY4OC0zNDM2M2JjN2M0YzAiOnsiY3JlYXRlIjoxMjAwMDAwMDAwMDAwLCJkZWxldGUiOjEyMDAwMDAwMDAwMDAsInVwZGF0ZSI6MTIwMDAwMDAwMDAwMH19"
        }
      ]
    },
    {
      "mode": "managed",
      "type": "google_compute_network_peering",
      "name": "peering1",
      "provider": "provider[\"registry.terraform.io/hashicorp/google\"]",
      "instances": [
        {
          "schema_version": 0,
          "attributes": {
            "export_custom_routes": false,
            "export_subnet_routes_with_public_ip": true,
            "id": "prod-burnto-env/floridaburns-to-db",
            "import_custom_routes": false,
            "import_subnet_routes_with_public_ip": false,
            "name": "floridaburns-to-db",
            "network": "projects/fullstacknet/global/networks/prod-burnto-env",
            "peer_network": "https://www.googleapis.com/compute/v1/projects/fullstacknet/global/networks/prod-burnto-db-env",
            "state": "ACTIVE",
            "state_details": "[2022-06-07T15:38:40.670-07:00]: Connected.",
            "timeouts": null
          },
          "sensitive_attributes": [],
          "private": "eyJlMmJmYjczMC1lY2FhLTExZTYtOGY4OC0zNDM2M2JjN2M0YzAiOnsiY3JlYXRlIjoyNDAwMDAwMDAwMDAsImRlbGV0ZSI6MjQwMDAwMDAwMDAwLCJ1cGRhdGUiOjI0MDAwMDAwMDAwMH19",
          "dependencies": [
            "google_compute_network.vpc_network1",
            "google_compute_network.vpc_network2"
          ]
        }
      ]
    },
    {
      "mode": "managed",
      "type": "google_compute_network_peering",
      "name": "peering2",
      "provider": "provider[\"registry.terraform.io/hashicorp/google\"]",
      "instances": [
        {
          "schema_version": 0,
          "attributes": {
            "export_custom_routes": false,
            "export_subnet_routes_with_public_ip": true,
            "id": "prod-burnto-db-env/db-to-floridaburns",
            "import_custom_routes": false,
            "import_subnet_routes_with_public_ip": false,
            "name": "db-to-floridaburns",
            "network": "projects/fullstacknet/global/networks/prod-burnto-db-env",
            "peer_network": "https://www.googleapis.com/compute/v1/projects/fullstacknet/global/networks/prod-burnto-env",
            "state": "ACTIVE",
            "state_details": "[2022-06-07T15:38:22.588-07:00]: Connected.",
            "timeouts": null
          },
          "sensitive_attributes": [],
          "private": "eyJlMmJmYjczMC1lY2FhLTExZTYtOGY4OC0zNDM2M2JjN2M0YzAiOnsiY3JlYXRlIjoyNDAwMDAwMDAwMDAsImRlbGV0ZSI6MjQwMDAwMDAwMDAwLCJ1cGRhdGUiOjI0MDAwMDAwMDAwMH19",
          "dependencies": [
            "google_compute_network.vpc_network1",
            "google_compute_network.vpc_network2"
          ]
        }
      ]
    },
    {
      "mode": "managed",
      "type": "google_compute_subnetwork",
      "name": "subnetwork1",
      "provider": "provider[\"registry.terraform.io/hashicorp/google\"]",
      "instances": [
        {
          "schema_version": 0,
          "attributes": {
            "creation_timestamp": "2022-06-07T15:38:18.425-07:00",
            "description": "",
            "external_ipv6_prefix": "",
            "fingerprint": null,
            "gateway_address": "10.2.0.1",
            "id": "projects/fullstacknet/regions/us-central1/subnetworks/burnto-subnet",
            "ip_cidr_range": "10.2.0.0/16",
            "ipv6_access_type": "",
            "ipv6_cidr_range": "",
            "log_config": [],
            "name": "burnto-subnet",
            "network": "https://www.googleapis.com/compute/v1/projects/fullstacknet/global/networks/prod-burnto-env",
            "private_ip_google_access": false,
            "private_ipv6_google_access": "DISABLE_GOOGLE_ACCESS",
            "project": "fullstacknet",
            "purpose": "PRIVATE",
            "region": "us-central1",
            "role": "",
            "secondary_ip_range": [],
            "self_link": "https://www.googleapis.com/compute/v1/projects/fullstacknet/regions/us-central1/subnetworks/burnto-subnet",
            "stack_type": "IPV4_ONLY",
            "timeouts": null
          },
          "sensitive_attributes": [],
          "private": "eyJlMmJmYjczMC1lY2FhLTExZTYtOGY4OC0zNDM2M2JjN2M0YzAiOnsiY3JlYXRlIjoxMjAwMDAwMDAwMDAwLCJkZWxldGUiOjEyMDAwMDAwMDAwMDAsInVwZGF0ZSI6MTIwMDAwMDAwMDAwMH19",
          "dependencies": [
            "google_compute_network.vpc_network1"
          ]
        }
      ]
    },
    {
      "mode": "managed",
      "type": "google_compute_subnetwork",
      "name": "subnetwork2",
      "provider": "provider[\"registry.terraform.io/hashicorp/google\"]",
      "instances": [
        {
          "schema_version": 0,
          "attributes": {
            "creation_timestamp": "2022-06-07T15:38:19.554-07:00",
            "description": "",
            "external_ipv6_prefix": "",
            "fingerprint": null,
            "gateway_address": "10.4.0.1",
            "id": "projects/fullstacknet/regions/asia-south1/subnetworks/floridaburns-db-subnet",
            "ip_cidr_range": "10.4.0.0/16",
            "ipv6_access_type": "",
            "ipv6_cidr_range": "",
            "log_config": [],
            "name": "floridaburns-db-subnet",
            "network": "https://www.googleapis.com/compute/v1/projects/fullstacknet/global/networks/prod-burnto-db-env",
            "private_ip_google_access": false,
            "private_ipv6_google_access": "DISABLE_GOOGLE_ACCESS",
            "project": "fullstacknet",
            "purpose": "PRIVATE",
            "region": "asia-south1",
            "role": "",
            "secondary_ip_range": [],
            "self_link": "https://www.googleapis.com/compute/v1/projects/fullstacknet/regions/asia-south1/subnetworks/floridaburns-db-subnet",
            "stack_type": "IPV4_ONLY",
            "timeouts": null
          },
          "sensitive_attributes": [],
          "private": "eyJlMmJmYjczMC1lY2FhLTExZTYtOGY4OC0zNDM2M2JjN2M0YzAiOnsiY3JlYXRlIjoxMjAwMDAwMDAwMDAwLCJkZWxldGUiOjEyMDAwMDAwMDAwMDAsInVwZGF0ZSI6MTIwMDAwMDAwMDAwMH19",
          "dependencies": [
            "google_compute_network.vpc_network2"
          ]
        }
      ]
    },
    {
      "mode": "managed",
      "type": "google_container_cluster",
      "name": "gke_cluster1",
      "provider": "provider[\"registry.terraform.io/hashicorp/google\"]",
      "instances": [
        {
          "schema_version": 1,
          "attributes": {
            "addons_config": [
              {
                "cloudrun_config": [],
                "gcp_filestore_csi_driver_config": [],
                "horizontal_pod_autoscaling": [],
                "http_load_balancing": [],
                "network_policy_config": [
                  {
                    "disabled": true
                  }
                ]
              }
            ],
            "authenticator_groups_config": [],
            "cluster_autoscaling": [
              {
                "auto_provisioning_defaults": [],
                "enabled": false,
                "resource_limits": []
              }
            ],
            "cluster_ipv4_cidr": "10.188.0.0/14",
            "confidential_nodes": [],
            "database_encryption": [
              {
                "key_name": "",
                "state": "DECRYPTED"
              }
            ],
            "datapath_provider": "",
            "default_max_pods_per_node": null,
            "default_snat_status": [
              {
                "disabled": false
              }
            ],
            "description": "My GKE Cluster",
            "dns_config": [],
            "enable_autopilot": false,
            "enable_binary_authorization": false,
            "enable_intranode_visibility": false,
            "enable_kubernetes_alpha": false,
            "enable_legacy_abac": false,
            "enable_shielded_nodes": true,
            "enable_tpu": false,
            "endpoint": "35.225.110.53",
            "id": "projects/fullstacknet/locations/us-central1/clusters/floridaburns-cluster",
            "initial_node_count": 1,
            "ip_allocation_policy": [],
            "label_fingerprint": "a9dc16a7",
            "location": "us-central1",
            "logging_config": [
              {
                "enable_components": [
                  "SYSTEM_COMPONENTS",
                  "WORKLOADS"
                ]
              }
            ],
            "logging_service": "logging.googleapis.com/kubernetes",
            "maintenance_policy": [],
            "master_auth": [
              {
                "client_certificate": "",
                "client_certificate_config": [
                  {
                    "issue_client_certificate": false
                  }
                ],
                "client_key": "",
                "cluster_ca_certificate": "LS0tLS1CRUdJTiBDRVJUSUZJQ0FURS0tLS0tCk1JSUVMVENDQXBXZ0F3SUJBZ0lSQUs1QWVjZHpCaEJjbEtYZEg3UUovOVF3RFFZSktvWklodmNOQVFFTEJRQXcKTHpFdE1Dc0dBMVVFQXhNa01qaGpNVE5rTW1VdFlqY3dOQzAwT0Rsa0xUZzNOamN0T0dNNVpXTmlabVkzTlRoaQpNQ0FYRFRJeU1EWXdOekl4TXpneU9Wb1lEekl3TlRJd05UTXdNakl6T0RJNVdqQXZNUzB3S3dZRFZRUURFeVF5Ck9HTXhNMlF5WlMxaU56QTBMVFE0T1dRdE9EYzJOeTA0WXpsbFkySm1aamMxT0dJd2dnR2lNQTBHQ1NxR1NJYjMKRFFFQkFRVUFBNElCandBd2dnR0tBb0lCZ1FEUEFJYVkyUGtiaWxWdzh3MTQ3N2RtZUh6Z2haRjQxQ1FnZkt0ZgpaUE1ZcjZyaVV1S1FYa2tVMHpoaW54ODZtWFRlNFQyY0svSmFWMDRXV08yQ0xVU2lYRUcxb0JCM3VHNERCTTRwCjFBbFdtSE1NZUE2Ty9Fak5uajVheXRkNklRRVN3N2xlcExQbE9oUmYzd2s1dDhMbmlzSkl3S0lxWTM4WlFsWjEKYUJ5RDRuSHRyQTh6VTJxN3dUeVlmQ2NVN0p4aWxVOEp2dVh2akhRVDVYYnhhR1pjSWxwRHZGeTdSU3EwekF3awovR3pZZ3NVclVSaWkxOXBseVBaSkRuOGNNRDRDOVBGNFBPdzcrZytnd3lQTlh4SXdNOFB0ZldCWi80RFVYQjBrCmNNWHRxZFhtQTJ6NzliOGExV0NhajAwTWJNQ1I5TVQ5MWZpdXp2bWY5TVc0OGdUMHJwVjNMaW41N3Uzby8vUTYKdU9hQ2NCbzhOTnZaZnVEMUF1dDFQQVB0ckUwYldiRERxbGVWekpSSmFwWDZhSFBkRlFIQTJCbDNVUmtTdUkragpMM1Bjb0pZL2pFMURPZk9va3lOanBnbTdzZjM5bjZKTVFjSnlqeENQZVNINlRIN3hyVSthVE1zRS9iNXplVFA1CnArVG85ZUo4K2d3TzQ1bzFKaUp6eGkrMjIwMENBd0VBQWFOQ01FQXdEZ1lEVlIwUEFRSC9CQVFEQWdJRU1BOEcKQTFVZEV3RUIvd1FGTUFNQkFmOHdIUVlEVlIwT0JCWUVGT1ZsNEsxc0pBRTZyYkh5QUxKVmpiOU4rWHlBTUEwRwpDU3FHU0liM0RRRUJDd1VBQTRJQmdRRElmbHZIejEwZDcwNnMzQmJsZzVrLzhZdWtFbng5Z09LZ3VrcmdydHk1CjkrUzAyb1dpOWxCNWRQTktLMlZsYnFqVDM0bXBtYUtZTGRHS0wyWEs3MWV1M3Z5MEdzenZMTHpadm1BQlRhZncKeUI5c20wN1hoSjh3RDJhdlZ4TmxIcGY1ZGduN2tMdmNJYzZKNXlQNkpzWmJEQmJZSUo4NWsvcXRmdGlDYWNxbAppR2dQYXN5ZkZ4NmVvUU1Vczhic1hrUlpiWDBzaXpZS2FXS2c3TmhKeHZNZFFNNzdvMjNsbVc5RmRlM0doS0NjCjc5YWlyekoxaWNRNUJUU1pyMkJqcTZUaElQeHp3Umh6U0NPVm8wd3JoZmU0SUhoSFBLWWpNWDZ4QjYwWEhNL2gKcDVaTWRWMUxsQjFrUXpVU3NMQkdsUXVnbWJxUDlCRXZVcEhla2pZbllDMHRxd2hhWjlsWTZXKzNLeXl4THlySgpIbVJQQVlpZ1RjRlVQVThPNEY4YlJpMTNDMVhQY2dOWkpMVUg2ZmxIbmpSN0VZYUJhR0xhOUQrcjU5OE9lTWx5CnZldmZjYmpJMk91b2dTbVhjWHVRVWpxKzFQZjg0WWpLbHZqK3VIMTZUbnE4TktuZmlJTjd2ZlFZYXE1VGs1Qm0KdUZKUmhkZWg5eXNPbkNIQ0RKRlV3Nmc9Ci0tLS0tRU5EIENFUlRJRklDQVRFLS0tLS0K"
              }
            ],
            "master_authorized_networks_config": [],
            "master_version": "1.22.8-gke.201",
            "min_master_version": null,
            "monitoring_config": [
              {
                "enable_components": [
                  "SYSTEM_COMPONENTS"
                ]
              }
            ],
            "monitoring_service": "monitoring.googleapis.com/kubernetes",
            "name": "floridaburns-cluster",
            "network": "projects/fullstacknet/global/networks/prod-burnto-env",
            "network_policy": [
              {
                "enabled": false,
                "provider": "PROVIDER_UNSPECIFIED"
              }
            ],
            "networking_mode": "ROUTES",
            "node_config": [
              {
                "boot_disk_kms_key": "",
                "disk_size_gb": 100,
                "disk_type": "pd-standard",
                "gcfs_config": [],
                "guest_accelerator": [],
                "gvnic": [],
                "image_type": "COS_CONTAINERD",
                "labels": {},
                "local_ssd_count": 0,
                "machine_type": "e2-standard-2",
                "metadata": {
                  "disable-legacy-endpoints": "true"
                },
                "min_cpu_platform": "",
                "node_group": "",
                "oauth_scopes": [
                  "https://www.googleapis.com/auth/logging.write",
                  "https://www.googleapis.com/auth/monitoring"
                ],
                "preemptible": true,
                "service_account": "default",
                "shielded_instance_config": [
                  {
                    "enable_integrity_monitoring": true,
                    "enable_secure_boot": false
                  }
                ],
                "tags": [],
                "taint": [],
                "workload_metadata_config": []
              }
            ],
            "node_locations": [
              "us-central1-b",
              "us-central1-c",
              "us-central1-f"
            ],
            "node_pool": [
              {
                "autoscaling": [
                  {
                    "max_node_count": 3,
                    "min_node_count": 1
                  }
                ],
                "initial_node_count": 1,
                "instance_group_urls": [
                  "https://www.googleapis.com/compute/v1/projects/fullstacknet/zones/us-central1-b/instanceGroupManagers/gke-floridaburns-clu-floridaburns-nod-3289c507-grp",
                  "https://www.googleapis.com/compute/v1/projects/fullstacknet/zones/us-central1-f/instanceGroupManagers/gke-floridaburns-clu-floridaburns-nod-a6d71b17-grp",
                  "https://www.googleapis.com/compute/v1/projects/fullstacknet/zones/us-central1-c/instanceGroupManagers/gke-floridaburns-clu-floridaburns-nod-11ad3bf7-grp"
                ],
                "managed_instance_group_urls": [
                  "https://www.googleapis.com/compute/v1/projects/fullstacknet/zones/us-central1-b/instanceGroups/gke-floridaburns-clu-floridaburns-nod-3289c507-grp",
                  "https://www.googleapis.com/compute/v1/projects/fullstacknet/zones/us-central1-f/instanceGroups/gke-floridaburns-clu-floridaburns-nod-a6d71b17-grp",
                  "https://www.googleapis.com/compute/v1/projects/fullstacknet/zones/us-central1-c/instanceGroups/gke-floridaburns-clu-floridaburns-nod-11ad3bf7-grp"
                ],
                "management": [
                  {
                    "auto_repair": true,
                    "auto_upgrade": true
                  }
                ],
                "max_pods_per_node": 0,
                "name": "floridaburns-node-pool",
                "name_prefix": "",
                "node_config": [
                  {
                    "boot_disk_kms_key": "",
                    "disk_size_gb": 100,
                    "disk_type": "pd-standard",
                    "gcfs_config": [],
                    "guest_accelerator": [],
                    "gvnic": [],
                    "image_type": "COS_CONTAINERD",
                    "labels": {},
                    "local_ssd_count": 0,
                    "machine_type": "e2-standard-2",
                    "metadata": {
                      "disable-legacy-endpoints": "true"
                    },
                    "min_cpu_platform": "",
                    "node_group": "",
                    "oauth_scopes": [
                      "https://www.googleapis.com/auth/logging.write",
                      "https://www.googleapis.com/auth/monitoring"
                    ],
                    "preemptible": true,
                    "service_account": "default",
                    "shielded_instance_config": [
                      {
                        "enable_integrity_monitoring": true,
                        "enable_secure_boot": false
                      }
                    ],
                    "tags": [],
                    "taint": [],
                    "workload_metadata_config": []
                  }
                ],
                "node_count": 1,
                "node_locations": [
                  "us-central1-b",
                  "us-central1-c",
                  "us-central1-f"
                ],
                "upgrade_settings": [
                  {
                    "max_surge": 1,
                    "max_unavailable": 0
                  }
                ],
                "version": "1.22.8-gke.201"
              }
            ],
            "node_version": "1.22.8-gke.201",
            "operation": null,
            "private_cluster_config": [],
            "private_ipv6_google_access": "",
            "project": "fullstacknet",
            "release_channel": [
              {
                "channel": "REGULAR"
              }
            ],
            "remove_default_node_pool": true,
            "resource_labels": {},
            "resource_usage_export_config": [],
            "self_link": "https://container.googleapis.com/v1/projects/fullstacknet/locations/us-central1/clusters/floridaburns-cluster",
            "services_ipv4_cidr": "10.191.240.0/20",
            "subnetwork": "projects/fullstacknet/regions/us-central1/subnetworks/burnto-subnet",
            "timeouts": null,
            "tpu_ipv4_cidr_block": "",
            "vertical_pod_autoscaling": [],
            "workload_identity_config": []
          },
          "sensitive_attributes": [],
          "private": "eyJlMmJmYjczMC1lY2FhLTExZTYtOGY4OC0zNDM2M2JjN2M0YzAiOnsiY3JlYXRlIjoyNDAwMDAwMDAwMDAwLCJkZWxldGUiOjI0MDAwMDAwMDAwMDAsInJlYWQiOjI0MDAwMDAwMDAwMDAsInVwZGF0ZSI6MzYwMDAwMDAwMDAwMH0sInNjaGVtYV92ZXJzaW9uIjoiMSJ9",
          "dependencies": [
            "google_compute_network.vpc_network1",
            "google_compute_subnetwork.subnetwork1"
          ]
        }
      ]
    },
    {
      "mode": "managed",
      "type": "google_container_node_pool",
      "name": "nodepool1",
      "provider": "provider[\"registry.terraform.io/hashicorp/google\"]",
      "instances": [
        {
          "schema_version": 1,
          "attributes": {
            "autoscaling": [
              {
                "max_node_count": 3,
                "min_node_count": 1
              }
            ],
            "cluster": "floridaburns-cluster",
            "id": "projects/fullstacknet/locations/us-central1/clusters/floridaburns-cluster/nodePools/floridaburns-node-pool",
            "initial_node_count": 1,
            "instance_group_urls": [
              "https://www.googleapis.com/compute/v1/projects/fullstacknet/zones/us-central1-b/instanceGroupManagers/gke-floridaburns-clu-floridaburns-nod-3289c507-grp",
              "https://www.googleapis.com/compute/v1/projects/fullstacknet/zones/us-central1-f/instanceGroupManagers/gke-floridaburns-clu-floridaburns-nod-a6d71b17-grp",
              "https://www.googleapis.com/compute/v1/projects/fullstacknet/zones/us-central1-c/instanceGroupManagers/gke-floridaburns-clu-floridaburns-nod-11ad3bf7-grp"
            ],
            "location": "us-central1",
            "managed_instance_group_urls": [
              "https://www.googleapis.com/compute/v1/projects/fullstacknet/zones/us-central1-b/instanceGroups/gke-floridaburns-clu-floridaburns-nod-3289c507-grp",
              "https://www.googleapis.com/compute/v1/projects/fullstacknet/zones/us-central1-f/instanceGroups/gke-floridaburns-clu-floridaburns-nod-a6d71b17-grp",
              "https://www.googleapis.com/compute/v1/projects/fullstacknet/zones/us-central1-c/instanceGroups/gke-floridaburns-clu-floridaburns-nod-11ad3bf7-grp"
            ],
            "management": [
              {
                "auto_repair": true,
                "auto_upgrade": true
              }
            ],
            "max_pods_per_node": null,
            "name": "floridaburns-node-pool",
            "name_prefix": "",
            "node_config": [
              {
                "boot_disk_kms_key": "",
                "disk_size_gb": 100,
                "disk_type": "pd-standard",
                "gcfs_config": [],
                "guest_accelerator": [],
                "gvnic": [],
                "image_type": "COS_CONTAINERD",
                "labels": {},
                "local_ssd_count": 0,
                "machine_type": "e2-standard-2",
                "metadata": {
                  "disable-legacy-endpoints": "true"
                },
                "min_cpu_platform": "",
                "node_group": "",
                "oauth_scopes": [
                  "https://www.googleapis.com/auth/logging.write",
                  "https://www.googleapis.com/auth/monitoring"
                ],
                "preemptible": true,
                "service_account": "default",
                "shielded_instance_config": [
                  {
                    "enable_integrity_monitoring": true,
                    "enable_secure_boot": false
                  }
                ],
                "tags": [],
                "taint": [],
                "workload_metadata_config": []
              }
            ],
            "node_count": 1,
            "node_locations": [
              "us-central1-b",
              "us-central1-c",
              "us-central1-f"
            ],
            "operation": null,
            "project": "fullstacknet",
            "timeouts": null,
            "upgrade_settings": [
              {
                "max_surge": 1,
                "max_unavailable": 0
              }
            ],
            "version": "1.22.8-gke.201"
          },
          "sensitive_attributes": [],
          "private": "eyJlMmJmYjczMC1lY2FhLTExZTYtOGY4OC0zNDM2M2JjN2M0YzAiOnsiY3JlYXRlIjoxODAwMDAwMDAwMDAwLCJkZWxldGUiOjE4MDAwMDAwMDAwMDAsInVwZGF0ZSI6MTgwMDAwMDAwMDAwMH0sInNjaGVtYV92ZXJzaW9uIjoiMSJ9",
          "dependencies": [
            "google_compute_network.vpc_network1",
            "google_compute_subnetwork.subnetwork1",
            "google_container_cluster.gke_cluster1"
          ]
        }
      ]
    },
    {
      "mode": "managed",
      "type": "google_sql_database",
      "name": "sql_db",
      "provider": "provider[\"registry.terraform.io/hashicorp/google\"]",
      "instances": [
        {
          "schema_version": 0,
          "attributes": {
            "charset": "utf8",
            "collation": "utf8_general_ci",
            "id": "projects/fullstacknet/instances/florida-burns-sql/databases/wpdb",
            "instance": "florida-burns-sql",
            "name": "wpdb",
            "project": "fullstacknet",
            "self_link": "https://sqladmin.googleapis.com/sql/v1beta4/projects/fullstacknet/instances/florida-burns-sql/databases/wpdb",
            "timeouts": null
          },
          "sensitive_attributes": [
            [
              {
                "type": "get_attr",
                "value": "name"
              }
            ]
          ],
          "private": "eyJlMmJmYjczMC1lY2FhLTExZTYtOGY4OC0zNDM2M2JjN2M0YzAiOnsiY3JlYXRlIjoxMjAwMDAwMDAwMDAwLCJkZWxldGUiOjEyMDAwMDAwMDAwMDAsInVwZGF0ZSI6MTIwMDAwMDAwMDAwMH19",
          "dependencies": [
            "data.google_secret_manager_secret_version.database",
            "data.google_secret_manager_secret_version.root_pass",
            "google_compute_subnetwork.subnetwork2",
            "google_sql_database_instance.sqldb_Instance"
          ]
        }
      ]
    },
    {
      "mode": "managed",
      "type": "google_sql_database_instance",
      "name": "sqldb_Instance",
      "provider": "provider[\"registry.terraform.io/hashicorp/google\"]",
      "instances": [
        {
          "schema_version": 0,
          "attributes": {
            "clone": [],
            "connection_name": "fullstacknet:asia-south1:florida-burns-sql",
            "database_version": "MYSQL_5_6",
            "deletion_protection": true,
            "first_ip_address": "34.100.128.149",
            "id": "florida-burns-sql",
            "ip_address": [
              {
                "ip_address": "34.100.128.149",
                "time_to_retire": "",
                "type": "PRIMARY"
              }
            ],
            "master_instance_name": "",
            "name": "florida-burns-sql",
            "private_ip_address": "",
            "project": "fullstacknet",
            "public_ip_address": "34.100.128.149",
            "region": "asia-south1",
            "replica_configuration": [],
            "restore_backup_context": [],
            "root_password": "toor",
            "self_link": "https://sqladmin.googleapis.com/sql/v1beta4/projects/fullstacknet/instances/florida-burns-sql",
            "server_ca_cert": [
              {
                "cert": "-----BEGIN CERTIFICATE-----\nMIIDfzCCAmegAwIBAgIBADANBgkqhkiG9w0BAQsFADB3MS0wKwYDVQQuEyQ2YWRi\nZDA2MS0zYjM5LTRkMmEtOTJiMC0wYjM1ZjcwYjBmYmMxIzAhBgNVBAMTGkdvb2ds\nZSBDbG91ZCBTUUwgU2VydmVyIENBMRQwEgYDVQQKEwtHb29nbGUsIEluYzELMAkG\nA1UEBhMCVVMwHhcNMjIwNjA3MjM1NTMzWhcNMzIwNjA0MjM1NjMzWjB3MS0wKwYD\nVQQuEyQ2YWRiZDA2MS0zYjM5LTRkMmEtOTJiMC0wYjM1ZjcwYjBmYmMxIzAhBgNV\nBAMTGkdvb2dsZSBDbG91ZCBTUUwgU2VydmVyIENBMRQwEgYDVQQKEwtHb29nbGUs\nIEluYzELMAkGA1UEBhMCVVMwggEiMA0GCSqGSIb3DQEBAQUAA4IBDwAwggEKAoIB\nAQCOy2m6xB901PYk3F+61xre4yFFRfY0pBXJCzV08BA4t+XDDSSa8otLIS/sb+LB\nxoZst5fR8z7lTtDCGODKDFMe+b7uGkaTPpRcHxj58IuYftNhT+tR4+vZ0xgRQUas\ncElQvm16YWgDKaN+P6zycmKLu091tusM++O1ByYbXM/GmOlAaT4zzc7sm9dvvpXt\nx9xccZ0f/Gkhay6bxVbheE/OBAB74EO2dFLKboBclZ/MAEoUQlZq6KhR/9716wig\npSF641d9JT8VbDpEmoRIjZ/J6rYaKBlO9JK4eKqlSYcl1q+5+a+/S4tk8H3V4Gf7\n3BNA8AKtdjPASchAqjgX/aFbAgMBAAGjFjAUMBIGA1UdEwEB/wQIMAYBAf8CAQAw\nDQYJKoZIhvcNAQELBQADggEBAC+F0HcynXJ04KjkoCWPouECMtGu7uHXZO8jZ8zj\ndnefXOi50f43HPeoBtRIA9az3LDDr7VHGpJ9ZrX8bsFX0xcgp9/giCToTl2ox3mQ\n0ZPsXJWy+JkBp5dLXunbQqYn3HfK7iaK0eoa61Gpj/0qihLbERhJQ3+hfFpxWsDY\ngaKZ4fvhVPRdNW1FX4/p8ikWxOcFqhBDmA1a/JySPyeXnn/6gg4HlDgj4MNWncnF\nuVTVldsNoYMMP9si42LZF5brmt6kuwsAcaCaV/TAmFnIq9nJfdwzeCPURbpwOhae\nybWtmFHjUBqDCFH7Sid/M+tNojildNe5rk6Yofoa89/iIzU=\n-----END CERTIFICATE-----",
                "common_name": "C=US,O=Google\\, Inc,CN=Google Cloud SQL Server CA,dnQualifier=6adbd061-3b39-4d2a-92b0-0b35f70b0fbc",
                "create_time": "2022-06-07T23:55:33.851Z",
                "expiration_time": "2032-06-04T23:56:33.851Z",
                "sha1_fingerprint": "2b2fc244d07cd5194c0076ee85b69b8bf4a6e418"
              }
            ],
            "service_account_email_address": "p858047120161-1cqaob@gcp-sa-cloud-sql.iam.gserviceaccount.com",
            "settings": [
              {
                "activation_policy": "ALWAYS",
                "active_directory_config": [],
                "availability_type": "ZONAL",
                "backup_configuration": [
                  {
                    "backup_retention_settings": [
                      {
                        "retained_backups": 7,
                        "retention_unit": "COUNT"
                      }
                    ],
                    "binary_log_enabled": false,
                    "enabled": false,
                    "location": "",
                    "point_in_time_recovery_enabled": false,
                    "start_time": "20:00",
                    "transaction_log_retention_days": 7
                  }
                ],
                "collation": "",
                "database_flags": [],
                "disk_autoresize": true,
                "disk_autoresize_limit": 0,
                "disk_size": 10,
                "disk_type": "PD_SSD",
                "insights_config": [],
                "ip_configuration": [
                  {
                    "allocated_ip_range": "",
                    "authorized_networks": [
                      {
                        "expiration_time": "",
                        "name": "floridaburns-sqlnet",
                        "value": "0.0.0.0/0"
                      }
                    ],
                    "ipv4_enabled": true,
                    "private_network": "",
                    "require_ssl": false
                  }
                ],
                "location_preference": [
                  {
                    "follow_gae_application": "",
                    "zone": "asia-south1-a"
                  }
                ],
                "maintenance_window": [],
                "pricing_plan": "PER_USE",
                "tier": "db-f1-micro",
                "user_labels": {},
                "version": 1
              }
            ],
            "timeouts": null
          },
          "sensitive_attributes": [
            [
              {
                "type": "get_attr",
                "value": "root_password"
              }
            ]
          ],
          "private": "eyJlMmJmYjczMC1lY2FhLTExZTYtOGY4OC0zNDM2M2JjN2M0YzAiOnsiY3JlYXRlIjoxODAwMDAwMDAwMDAwLCJkZWxldGUiOjE4MDAwMDAwMDAwMDAsInVwZGF0ZSI6MTgwMDAwMDAwMDAwMH19",
          "dependencies": [
            "data.google_secret_manager_secret_version.root_pass",
            "google_compute_subnetwork.subnetwork2"
          ]
        }
      ]
    },
    {
      "mode": "managed",
      "type": "google_sql_user",
      "name": "dbUser",
      "provider": "provider[\"registry.terraform.io/hashicorp/google\"]",
      "instances": [
        {
          "schema_version": 1,
          "attributes": {
            "deletion_policy": null,
            "host": "",
            "id": "wpuser//florida-burns-sql",
            "instance": "florida-burns-sql",
            "name": "wpuser",
            "password": "wppass",
            "project": "fullstacknet",
            "timeouts": null,
            "type": ""
          },
          "sensitive_attributes": [
            [
              {
                "type": "get_attr",
                "value": "password"
              }
            ],
            [
              {
                "type": "get_attr",
                "value": "name"
              }
            ]
          ],
          "private": "eyJlMmJmYjczMC1lY2FhLTExZTYtOGY4OC0zNDM2M2JjN2M0YzAiOnsiY3JlYXRlIjo2MDAwMDAwMDAwMDAsImRlbGV0ZSI6NjAwMDAwMDAwMDAwLCJ1cGRhdGUiOjYwMDAwMDAwMDAwMH0sInNjaGVtYV92ZXJzaW9uIjoiMSJ9",
          "dependencies": [
            "data.google_secret_manager_secret_version.db_user",
            "data.google_secret_manager_secret_version.db_user_pass",
            "data.google_secret_manager_secret_version.root_pass",
            "google_compute_subnetwork.subnetwork2",
            "google_sql_database_instance.sqldb_Instance"
          ]
        }
      ]
    },
    {
      "mode": "managed",
      "type": "helm_release",
      "name": "bac",
      "provider": "provider[\"registry.terraform.io/hashicorp/helm\"]",
      "instances": [
        {
          "schema_version": 0,
          "attributes": {
            "atomic": false,
            "chart": "wordpress",
            "cleanup_on_fail": false,
            "create_namespace": false,
            "dependency_update": false,
            "description": null,
            "devel": null,
            "disable_crd_hooks": false,
            "disable_openapi_validation": false,
            "disable_webhooks": false,
            "force_update": false,
            "id": "wordpress",
            "keyring": null,
            "lint": false,
            "manifest": null,
            "max_history": 0,
            "metadata": [
              {
                "app_version": "5.9.3",
                "chart": "wordpress",
                "name": "wordpress",
                "namespace": "floridaburns",
                "revision": 1,
                "values": "{\"affinity\":{},\"allowEmptyPassword\":true,\"allowOverrideNone\":false,\"customHTAccessCM\":null,\"extraEnv\":[],\"extraVolumeMounts\":[],\"extraVolumes\":[],\"healthcheckHttps\":false,\"image\":{\"debug\":true,\"pullPolicy\":\"IfNotPresent\",\"registry\":\"docker.io\",\"repository\":\"bitnami/wordpress\",\"tag\":\"5.3.2-debian-10-r32\"},\"ingress\":{\"annotations\":{\"cert-manager.io/cluster-issuer\":\"letsencrypt-prod\",\"kubernetes.io/ingress.class\":\"nginx-external\",\"kubernetes.io/tls-acme\":\"true\"},\"certManager\":true,\"enabled\":true,\"hostname\":\"floridaafterburn.fshcorp.xyz\",\"secrets\":[]},\"livenessProbe\":{\"enabled\":true,\"failureThreshold\":6,\"initialDelaySeconds\":120,\"periodSeconds\":10,\"successThreshold\":1,\"timeoutSeconds\":5},\"livenessProbeHeaders\":{},\"mariadb\":{\"enabled\":true,\"master\":{\"persistence\":{\"accessModes\":[\"ReadWriteOnce\"],\"enabled\":true,\"size\":\"8Gi\"}},\"replication\":{\"enabled\":false}},\"metrics\":{\"enabled\":false,\"image\":{\"pullPolicy\":\"IfNotPresent\",\"registry\":\"docker.io\",\"repository\":\"bitnami/apache-exporter\",\"tag\":\"0.7.0-debian-10-r32\"},\"podAnnotations\":{\"prometheus.io/port\":\"9117\",\"prometheus.io/scrape\":\"true\"},\"resources\":{\"limits\":{},\"requests\":{}},\"serviceMonitor\":{\"additionalLabels\":{},\"enabled\":false,\"honorLabels\":false,\"interval\":\"30s\"}},\"nodeSelector\":{},\"persistence\":{\"accessMode\":\"ReadWriteOnce\",\"enabled\":true,\"size\":\"10Gi\"},\"podAnnotations\":{},\"readinessProbe\":{\"enabled\":true,\"failureThreshold\":6,\"initialDelaySeconds\":30,\"periodSeconds\":10,\"successThreshold\":1,\"timeoutSeconds\":5},\"readinessProbeHeaders\":{},\"replicaCount\":1,\"resources\":{\"limits\":{},\"requests\":{\"cpu\":\"300m\",\"memory\":\"512Mi\"}},\"securityContext\":{\"enabled\":true,\"fsGroup\":1001,\"runAsUser\":1001},\"service\":{\"annotations\":{},\"externalTrafficPolicy\":\"Cluster\",\"httpsPort\":443,\"httpsTargetPort\":\"https\",\"loadBalancerIP\":null,\"loadBalancerSourceRanges\":[],\"metricsPort\":9117,\"nodePorts\":{\"http\":\"\",\"https\":\"\",\"metrics\":\"\"},\"port\":80,\"type\":\"LoadBalancer\"},\"sidecars\":{},\"tolerations\":[{\"effect\":\"NoSchedule\",\"key\":\"unconfigured\",\"operator\":\"Exists\"}],\"updateStrategy\":{\"type\":\"RollingUpdate\"},\"wordpressBlogName\":\"User's Blog!\",\"wordpressEmail\":\"user@example.com\",\"wordpressFirstName\":\"FirstName\",\"wordpressLastName\":\"LastName\",\"wordpressScheme\":\"http\",\"wordpressSkipInstall\":false,\"wordpressTablePrefix\":\"wp_\",\"wordpressUsername\":\"user\"}",
                "version": "14.3.5"
              }
            ],
            "name": "wordpress",
            "namespace": "floridaburns",
            "postrender": [],
            "recreate_pods": false,
            "render_subchart_notes": true,
            "replace": false,
            "repository": "https://charts.bitnami.com/bitnami",
            "repository_ca_file": null,
            "repository_cert_file": null,
            "repository_key_file": null,
            "repository_password": null,
            "repository_username": null,
            "reset_values": false,
            "reuse_values": false,
            "set": [],
            "set_sensitive": [],
            "skip_crds": false,
            "status": "deployed",
            "timeout": 300,
            "values": [
              "## Global Docker image parameters\n## Please, note that this will override the image parameters, including dependencies, configured to use the global value\n## Current available global Docker image parameters: imageRegistry and imagePullSecrets\n##\n# global:\n#   imageRegistry: myRegistryName\n#   imagePullSecrets:\n#     - myRegistryKeySecretName\n#   storageClass: myStorageClass\n\n## Bitnami WordPress image version\n## ref: https://hub.docker.com/r/bitnami/wordpress/tags/\n##\nimage:\n  registry: docker.io\n  repository: bitnami/wordpress\n  tag: 5.3.2-debian-10-r32\n  ## Specify a imagePullPolicy\n  ## Defaults to 'Always' if image tag is 'latest', else set to 'IfNotPresent'\n  ## ref: http://kubernetes.io/docs/user-guide/images/#pre-pulling-images\n  ##\n  pullPolicy: IfNotPresent\n  ## Optionally specify an array of imagePullSecrets.\n  ## Secrets must be manually created in the namespace.\n  ## ref: https://kubernetes.io/docs/tasks/configure-pod-container/pull-image-private-registry/\n  ##\n  # pullSecrets:\n  #   - myRegistryKeySecretName\n  ## Set to true if you would like to see extra information on logs\n  ##\n  debug: true\n\n## String to partially override wordpress.fullname template (will maintain the release name)\n##\n# nameOverride:\n\n## String to fully override wordpress.fullname template\n##\n# fullnameOverride:\n\n## User of the application\n## ref: https://github.com/bitnami/bitnami-docker-wordpress#environment-variables\n##\nwordpressUsername: user\n\n## Application password\n## Defaults to a random 10-character alphanumeric string if not set\n## ref: https://github.com/bitnami/bitnami-docker-wordpress#environment-variables\n##\n# wordpressPassword:\n\n## Admin email\n## ref: https://github.com/bitnami/bitnami-docker-wordpress#environment-variables\n##\nwordpressEmail: user@example.com\n\n## First name\n## ref: https://github.com/bitnami/bitnami-docker-wordpress#environment-variables\n##\nwordpressFirstName: FirstName\n\n## Last name\n## ref: https://github.com/bitnami/bitnami-docker-wordpress#environment-variables\n##\nwordpressLastName: LastName\n\n## Blog name\n## ref: https://github.com/bitnami/bitnami-docker-wordpress#environment-variables\n##\nwordpressBlogName: User's Blog!\n\n## Table prefix\n## ref: https://github.com/bitnami/bitnami-docker-wordpress#environment-variables\n##\nwordpressTablePrefix: wp_\n\n## Scheme to generate application URLs\n## ref: https://github.com/bitnami/bitnami-docker-wordpress#environment-variables\n##\nwordpressScheme: http\n\n## Skip wizard installation (only if you use an external database that already contains WordPress data)\n## ref: https://github.com/bitnami/bitnami-docker-wordpress#connect-wordpress-docker-container-to-an-existing-database\n##\nwordpressSkipInstall: false\n\n## Set up update strategy for wordpress installation. Set to Recreate if you use persistent volume that cannot be mounted by more than one pods to makesure the pods is destroyed first.\n## ref: https://kubernetes.io/docs/concepts/workloads/controllers/deployment/#strategy\n## Example:\n## updateStrategy:\n##  type: RollingUpdate\n##  rollingUpdate:\n##    maxSurge: 25%\n##    maxUnavailable: 25%\nupdateStrategy:\n  type: RollingUpdate\n\n## Set to `false` to allow the container to be started with blank passwords\n## ref: https://github.com/bitnami/bitnami-docker-wordpress#environment-variables\n##\nallowEmptyPassword: true\n\n## Set Apache allowOverride to None\n## ref: https://github.com/bitnami/bitnami-docker-wordpress#environment-variables\n##\nallowOverrideNone: false\n\n# ConfigMap with custom wordpress-htaccess.conf file (requires allowOverrideNone to true)\ncustomHTAccessCM:\n\n## Use an alternate scheduler, e.g. \"stork\".\n## ref: https://kubernetes.io/docs/tasks/administer-cluster/configure-multiple-schedulers/\n##\n# schedulerName:\n\n## SMTP mail delivery configuration\n## ref: https://github.com/bitnami/bitnami-docker-wordpress/#smtp-configuration\n##\n# smtpHost:\n# smtpPort:\n# smtpUser:\n# smtpPassword:\n# smtpUsername:\n# smtpProtocol:\n\nreplicaCount: 1\n\n## Additional container environment variables\n## Example: Configure SSL for database\n## extraEnv:\n##   - name: WORDPRESS_DATABASE_SSL_CA_FILE\n##     value: /path/to/ca_cert\n##\nextraEnv: []\n\n## Additional volume mounts\n## Example: Mount CA file\n## extraVolumeMounts\n##   - name: ca-cert\n##     subPath: ca_cert\n##     mountPath: /path/to/ca_cert\nextraVolumeMounts: []\n\n## Additional volumes\n## Example: Add secret volume\n## extraVolumes:\n##  - name: ca-cert\n##    secret:\n##      secretName: ca-cert\n##      items:\n##        - key: ca-cert\n##          path: ca_cert\nextraVolumes: []\n\n## WordPress containers' resource requests and limits\n## ref: http://kubernetes.io/docs/user-guide/compute-resources/\n##\nresources:\n  limits: {}\n  requests:\n    memory: 512Mi\n    cpu: 300m\n\n## Affinity for pod assignment\n## Ref: https://kubernetes.io/docs/concepts/configuration/assign-pod-node/#affinity-and-anti-affinity\n##\naffinity: {}\n\n## Node labels for pod assignment. Evaluated as a template.\n## ref: https://kubernetes.io/docs/user-guide/node-selection/\n##\nnodeSelector: {}\n\n## Tolerations for pod assignment. Evaluated as a template.\n## ref: https://kubernetes.io/docs/concepts/configuration/taint-and-toleration/\n##\ntolerations: \n  - effect: NoSchedule\n    key: unconfigured\n    operator: Exists\n\n## Pod annotations\n## ref: https://kubernetes.io/docs/concepts/overview/working-with-objects/annotations/\n##\npodAnnotations: {}\n\n## K8s Security Context for WordPress pods\n## https://kubernetes.io/docs/tasks/configure-pod-container/security-context/\n##\nsecurityContext:\n  enabled: true\n  fsGroup: 1001\n  runAsUser: 1001\n\n## Allow health checks to be pointed at the https port\nhealthcheckHttps: false\n\n## WordPress pod extra options for liveness and readiness probes\n## ref: https://kubernetes.io/docs/concepts/workloads/pods/pod-lifecycle/#container-probes\nlivenessProbe:\n  enabled: true\n  initialDelaySeconds: 120\n  periodSeconds: 10\n  timeoutSeconds: 5\n  failureThreshold: 6\n  successThreshold: 1\nreadinessProbe:\n  enabled: true\n  initialDelaySeconds: 30\n  periodSeconds: 10\n  timeoutSeconds: 5\n  failureThreshold: 6\n  successThreshold: 1\n\n## If using an HTTPS-terminating load-balancer, the probes may need to behave\n## like the balancer to prevent HTTP 302 responses. According to the Kubernetes\n## docs, 302 should be considered \"successful\", but this issue on GitHub\n## (https://github.com/kubernetes/kubernetes/issues/47893) shows that it isn't.\n##\n# livenessProbeHeaders:\n# - name: X-Forwarded-Proto\n#   value: https\n# readinessProbeHeaders:\n# - name: X-Forwarded-Proto\n#   value: https\nlivenessProbeHeaders: {}\nreadinessProbeHeaders: {}\n\n## Kubernetes configuration\n## For minikube, set this to NodePort, elsewhere use LoadBalancer or ClusterIP\n##\nservice:\n  type: LoadBalancer\n  ## HTTP Port\n  ##\n  port: 80\n  ## HTTPS Port\n  ##\n  httpsPort: 443\n  ## HTTPS Target Port\n  ## defaults to https unless overridden to the specified port.\n  ## if you want the target port to be \"http\" or \"80\" you can specify that here.\n  ##\n  httpsTargetPort: https\n  ## Metrics Port\n  ##\n  metricsPort: 9117\n  ## Node Ports to expose\n  ## nodePorts:\n  ##   http: \u003cto set explicitly, choose port between 30000-32767\u003e\n  ##   https: \u003cto set explicitly, choose port between 30000-32767\u003e\n  ##   metrics: \u003cto set explicitly, choose port between 30000-32767\u003e\n  nodePorts:\n    http: \"\"\n    https: \"\"\n    metrics: \"\"\n  ## Enable client source IP preservation\n  ## ref http://kubernetes.io/docs/tasks/access-application-cluster/create-external-load-balancer/#preserving-the-client-source-ip\n  ##\n  externalTrafficPolicy: Cluster\n  annotations: {}\n  ## Limits which cidr blocks can connect to service's load balancer\n  ## Only valid if service.type: LoadBalancer\n  loadBalancerSourceRanges: []\n  ## Extra ports to expose (normally used with the `sidecar` value)\n  # extraPorts:\n## Use loadBalancerIP to request a specific static IP,\n  ## otherwise leave blank\n  ##\n  loadBalancerIP: \n## Configure the ingress resource that allows you to access the\n## WordPress installation. Set up the URL\n## ref: http://kubernetes.io/docs/user-guide/ingress/\n##\ningress:\n  ## Set to true to enable ingress record generation\n  ##\n  enabled: true\n\n  ## Set this to true in order to add the corresponding annotations for cert-manager\n  ##\n  certManager: true\n\n  ## When the ingress is enabled, a host pointing to this will be created\n  ##\n  hostname: floridaafterburn.fshcorp.xyz\n\n  ## Ingress annotations done as key:value pairs\n  ## For a full list of possible ingress annotations, please see\n  ## ref: https://github.com/kubernetes/ingress-nginx/blob/master/docs/user-guide/nginx-configuration/annotations.md\n  ##\n  ## If certManager is set to true, annotation kubernetes.io/tls-acme: \"true\" will automatically be set\n  ##\n  annotations: \n    cert-manager.io/cluster-issuer: letsencrypt-prod\n    kubernetes.io/ingress.class: nginx-external\n    kubernetes.io/tls-acme: 'true'\n\n  ## The list of additional hostnames to be covered with this ingress record.\n  ## Most likely the hostname above will be enough, but in the event more hosts are needed, this is an array\n  ## extraHosts:\n  ## - name: wordpress.local\n  ##   path: /\n\n  ## The tls configuration for additional hostnames to be covered with this ingress record.\n  ## see: https://kubernetes.io/docs/concepts/services-networking/ingress/#tls\n  ## extraTls:\n  ## - hosts:\n  ##     - wordpress.local\n  ##   secretName: wordpress.local-tls\n\n  ## If you're providing your own certificates, please use this to add the certificates as secrets\n  ## key and certificate should start with -----BEGIN CERTIFICATE----- or\n  ## -----BEGIN RSA PRIVATE KEY-----\n  ##\n  ## name should line up with a tlsSecret set further up\n  ## If you're using cert-manager, this is unneeded, as it will create the secret for you if it is not set\n  ##\n  ## It is also possible to create and manage the certificates outside of this helm chart\n  ## Please see README.md for more information\n  ##\n  secrets: []\n  ## - name: wordpress.local-tls\n  ##   key:\n  ##   certificate:\n\n## Enable persistence using Persistent Volume Claims\n## ref: http://kubernetes.io/docs/user-guide/persistent-volumes/\n##\npersistence:\n  enabled: true\n  ## wordpress data Persistent Volume Storage Class\n  ## If defined, storageClassName: \u003cstorageClass\u003e\n  ## If set to \"-\", storageClassName: \"\", which disables dynamic provisioning\n  ## If undefined (the default) or set to null, no storageClassName spec is\n  ##   set, choosing the default provisioner.  (gp2 on AWS, standard on\n  ##   GKE, AWS \u0026 OpenStack)\n  ##\n  # storageClass: \"-\"\n  ##\n  ## If you want to reuse an existing claim, you can pass the name of the PVC using\n  ## the existingClaim variable\n  # existingClaim: your-claim\n  accessMode: ReadWriteOnce\n  size: 10Gi\n\n##\n## MariaDB chart configuration\n##\n## https://github.com/helm/charts/blob/master/stable/mariadb/values.yaml\n##\nmariadb:\n  ## Whether to deploy a mariadb server to satisfy the applications database requirements. To use an external database set this to false and configure the externalDatabase parameters\n  enabled: true\n  ## Disable MariaDB replication\n  replication:\n    enabled: false\n\n  ## Create a database and a database user\n  ## ref: https://github.com/bitnami/bitnami-docker-mariadb/blob/master/README.md#creating-a-database-user-on-first-run\n  ##\n  # db:\n  #   name: fab\n  #   user: bn_wordpress\n    ## If the password is not specified, mariadb will generates a random password\n    ##\n    # password:\n\n  ## MariaDB admin password\n  ## ref: https://github.com/bitnami/bitnami-docker-mariadb/blob/master/README.md#setting-the-root-password-on-first-run\n  ##\n  # rootUser:\n  #   password:\n\n  ## Enable persistence using Persistent Volume Claims\n  ## ref: http://kubernetes.io/docs/user-guide/persistent-volumes/\n  ##\n  master:\n    persistence:\n      enabled: true\n      ## mariadb data Persistent Volume Storage Class\n      ## If defined, storageClassName: \u003cstorageClass\u003e\n      ## If set to \"-\", storageClassName: \"\", which disables dynamic provisioning\n      ## If undefined (the default) or set to null, no storageClassName spec is\n      ##   set, choosing the default provisioner.  (gp2 on AWS, standard on\n      ##   GKE, AWS \u0026 OpenStack)\n      ##\n      # storageClass: \"-\"\n      accessModes:\n        - ReadWriteOnce\n      size: 8Gi\n\n##\n## External Database Configuration\n##\n## All of these values are only used when mariadb.enabled is set to false\n##\n# externalDatabase:\n#   ## Database host\n#   ##\n#   host: localhost\n\n#   ## non-root Username for Wordpress Database\n#   ##\n#   user: bn_wordpress\n\n#   ## Database password\n#   ##\n#   password: \"bn_wordpress\"\n\n#   ## Database name\n#   ##\n#   database: fab\n\n#   ## Database port number\n#   ##\n#   port: 3306\n\n## Prometheus Exporter / Metrics\n##\nmetrics:\n  enabled: false\n  image:\n    registry: docker.io\n    repository: bitnami/apache-exporter\n    tag: 0.7.0-debian-10-r32\n    pullPolicy: IfNotPresent\n    ## Optionally specify an array of imagePullSecrets.\n    ## Secrets must be manually created in the namespace.\n    ## ref: https://kubernetes.io/docs/tasks/configure-pod-container/pull-image-private-registry/\n    ##\n    # pullSecrets:\n    #   - myRegistryKeySecretName\n  ## Metrics exporter pod Annotation and Labels\n  podAnnotations:\n    prometheus.io/scrape: \"true\"\n    prometheus.io/port: \"9117\"\n\n  ## Metrics exporter containers' resource requests and limits\n  ## ref: http://kubernetes.io/docs/user-guide/compute-resources/\n  ##\n  resources:\n    limits: {}\n    requests: {}\n\n  ## Prometheus Service Monitor\n  ## ref: https://github.com/coreos/prometheus-operator\n  ##      https://github.com/coreos/prometheus-operator/blob/master/Documentation/api.md#endpoint\n  serviceMonitor:\n    ## If the operator is installed in your cluster, set to true to create a Service Monitor Entry\n    enabled: false\n    ## Specify the namespace in which the serviceMonitor resource will be created\n    # namespace: \"\"\n    ## Specify the interval at which metrics should be scraped\n    interval: 30s\n    ## Specify the timeout after which the scrape is ended\n    # scrapeTimeout: 30s\n    ## Specify Metric Relabellings to add to the scrape endpoint\n    # relabellings:\n    ## Specify honorLabels parameter to add the scrape endpoint\n    honorLabels: false\n    ## Used to pass Labels that are used by the Prometheus installed in your cluster to select Service Monitors to work with\n    ## ref: https://github.com/coreos/prometheus-operator/blob/master/Documentation/api.md#prometheusspec\n    additionalLabels: {}\n\n## Add sidecars to the pod.\n## Example:\n## sidecars:\n##   - name: your-image-name\n##     image: your-image\n##     imagePullPolicy: Always\n##     ports:\n##       - name: portname\n##         containerPort: 1234\n##\nsidecars: {}"
            ],
            "verify": false,
            "version": "14.3.5",
            "wait": true,
            "wait_for_jobs": false
          },
          "sensitive_attributes": [],
          "private": "bnVsbA=="
        }
      ]
    },
    {
      "mode": "managed",
      "type": "kubernetes_deployment",
      "name": "wp-dep",
      "provider": "provider[\"registry.terraform.io/hashicorp/kubernetes\"]",
      "instances": [
        {
          "schema_version": 1,
          "attributes": {
            "id": "default/wp-floridaburns",
            "metadata": [
              {
                "annotations": null,
                "generate_name": "",
                "generation": 1,
                "labels": {
                  "env": "Production"
                },
                "name": "wp-floridaburns",
                "namespace": "default",
                "resource_version": "39159",
                "uid": "7889b4f9-378f-430b-8968-87481f62645c"
              }
            ],
            "spec": [
              {
                "min_ready_seconds": 0,
                "paused": false,
                "progress_deadline_seconds": 600,
                "replicas": "1",
                "revision_history_limit": 10,
                "selector": [
                  {
                    "match_expressions": [],
                    "match_labels": {
                      "env": "Production",
                      "pod": "wp"
                    }
                  }
                ],
                "strategy": [
                  {
                    "rolling_update": [
                      {
                        "max_surge": "25%",
                        "max_unavailable": "25%"
                      }
                    ],
                    "type": "RollingUpdate"
                  }
                ],
                "template": [
                  {
                    "metadata": [
                      {
                        "annotations": null,
                        "generate_name": "",
                        "generation": 0,
                        "labels": {
                          "env": "Production",
                          "pod": "wp"
                        },
                        "name": "",
                        "namespace": "",
                        "resource_version": "",
                        "uid": ""
                      }
                    ],
                    "spec": [
                      {
                        "active_deadline_seconds": 0,
                        "affinity": [],
                        "automount_service_account_token": true,
                        "container": [
                          {
                            "args": null,
                            "command": null,
                            "env": [
                              {
                                "name": "WORDPRESS_DB_HOST",
                                "value": "34.100.128.149",
                                "value_from": []
                              },
                              {
                                "name": "WORDPRESS_DB_USER",
                                "value": "wpuser",
                                "value_from": []
                              },
                              {
                                "name": "WORDPRESS_DB_PASSWORD",
                                "value": "wppass",
                                "value_from": []
                              },
                              {
                                "name": "WORDPRESS_DB_NAME",
                                "value": "wpdb",
                                "value_from": []
                              },
                              {
                                "name": "WORDPRESS_TABLE_PREFIX",
                                "value": "wp_",
                                "value_from": []
                              }
                            ],
                            "env_from": [],
                            "image": "wordpress",
                            "image_pull_policy": "Always",
                            "lifecycle": [],
                            "liveness_probe": [],
                            "name": "burnto-container",
                            "port": [
                              {
                                "container_port": 80,
                                "host_ip": "",
                                "host_port": 0,
                                "name": "",
                                "protocol": "TCP"
                              }
                            ],
                            "readiness_probe": [],
                            "resources": [
                              {
                                "limits": null,
                                "requests": null
                              }
                            ],
                            "security_context": [],
                            "startup_probe": [],
                            "stdin": false,
                            "stdin_once": false,
                            "termination_message_path": "/dev/termination-log",
                            "termination_message_policy": "File",
                            "tty": false,
                            "volume_mount": [],
                            "working_dir": ""
                          }
                        ],
                        "dns_config": [],
                        "dns_policy": "ClusterFirst",
                        "enable_service_links": true,
                        "host_aliases": [],
                        "host_ipc": false,
                        "host_network": false,
                        "host_pid": false,
                        "hostname": "",
                        "image_pull_secrets": [],
                        "init_container": [],
                        "node_name": "",
                        "node_selector": null,
                        "priority_class_name": "",
                        "readiness_gate": [],
                        "restart_policy": "Always",
                        "security_context": [],
                        "service_account_name": "",
                        "share_process_namespace": false,
                        "subdomain": "",
                        "termination_grace_period_seconds": 30,
                        "toleration": [],
                        "topology_spread_constraint": [],
                        "volume": []
                      }
                    ]
                  }
                ]
              }
            ],
            "timeouts": null,
            "wait_for_rollout": true
          },
          "sensitive_attributes": [
            [
              {
                "type": "get_attr",
                "value": "spec"
              },
              {
                "type": "index",
                "value": {
                  "value": 0,
                  "type": "number"
                }
              },
              {
                "type": "get_attr",
                "value": "template"
              },
              {
                "type": "index",
                "value": {
                  "value": 0,
                  "type": "number"
                }
              },
              {
                "type": "get_attr",
                "value": "spec"
              },
              {
                "type": "index",
                "value": {
                  "value": 0,
                  "type": "number"
                }
              },
              {
                "type": "get_attr",
                "value": "container"
              },
              {
                "type": "index",
                "value": {
                  "value": 0,
                  "type": "number"
                }
              },
              {
                "type": "get_attr",
                "value": "env"
              },
              {
                "type": "index",
                "value": {
                  "value": 1,
                  "type": "number"
                }
              },
              {
                "type": "get_attr",
                "value": "value"
              }
            ],
            [
              {
                "type": "get_attr",
                "value": "spec"
              },
              {
                "type": "index",
                "value": {
                  "value": 0,
                  "type": "number"
                }
              },
              {
                "type": "get_attr",
                "value": "template"
              },
              {
                "type": "index",
                "value": {
                  "value": 0,
                  "type": "number"
                }
              },
              {
                "type": "get_attr",
                "value": "spec"
              },
              {
                "type": "index",
                "value": {
                  "value": 0,
                  "type": "number"
                }
              },
              {
                "type": "get_attr",
                "value": "container"
              },
              {
                "type": "index",
                "value": {
                  "value": 0,
                  "type": "number"
                }
              },
              {
                "type": "get_attr",
                "value": "env"
              },
              {
                "type": "index",
                "value": {
                  "value": 2,
                  "type": "number"
                }
              },
              {
                "type": "get_attr",
                "value": "value"
              }
            ],
            [
              {
                "type": "get_attr",
                "value": "spec"
              },
              {
                "type": "index",
                "value": {
                  "value": 0,
                  "type": "number"
                }
              },
              {
                "type": "get_attr",
                "value": "template"
              },
              {
                "type": "index",
                "value": {
                  "value": 0,
                  "type": "number"
                }
              },
              {
                "type": "get_attr",
                "value": "spec"
              },
              {
                "type": "index",
                "value": {
                  "value": 0,
                  "type": "number"
                }
              },
              {
                "type": "get_attr",
                "value": "container"
              },
              {
                "type": "index",
                "value": {
                  "value": 0,
                  "type": "number"
                }
              },
              {
                "type": "get_attr",
                "value": "env"
              },
              {
                "type": "index",
                "value": {
                  "value": 3,
                  "type": "number"
                }
              },
              {
                "type": "get_attr",
                "value": "value"
              }
            ]
          ],
          "private": "eyJlMmJmYjczMC1lY2FhLTExZTYtOGY4OC0zNDM2M2JjN2M0YzAiOnsiY3JlYXRlIjo2MDAwMDAwMDAwMDAsImRlbGV0ZSI6NjAwMDAwMDAwMDAwLCJ1cGRhdGUiOjYwMDAwMDAwMDAwMH0sInNjaGVtYV92ZXJzaW9uIjoiMSJ9",
          "dependencies": [
            "data.google_client_config.default",
            "data.google_secret_manager_secret_version.database",
            "data.google_secret_manager_secret_version.db_user",
            "data.google_secret_manager_secret_version.db_user_pass",
            "data.google_secret_manager_secret_version.root_pass",
            "google_compute_subnetwork.subnetwork2",
            "google_container_cluster.gke_cluster1",
            "google_container_node_pool.nodepool1",
            "google_sql_database_instance.sqldb_Instance",
            "null_resource.configure_kubectl",
            "null_resource.set_gcloud_project"
          ]
        }
      ]
    },
    {
      "mode": "managed",
      "type": "kubernetes_namespace",
      "name": "bac",
      "provider": "provider[\"registry.terraform.io/hashicorp/kubernetes\"]",
      "instances": [
        {
          "schema_version": 0,
          "attributes": {
            "id": "floridaburns",
            "metadata": [
              {
                "annotations": {},
                "generate_name": "",
                "generation": 0,
                "labels": {},
                "name": "floridaburns",
                "resource_version": "2189",
                "uid": "8f416f87-08d1-4d75-a604-94c93abf7f97"
              }
            ],
            "timeouts": null
          },
          "sensitive_attributes": [],
          "private": "eyJlMmJmYjczMC1lY2FhLTExZTYtOGY4OC0zNDM2M2JjN2M0YzAiOnsiZGVsZXRlIjozMDAwMDAwMDAwMDB9fQ==",
          "dependencies": [
            "data.google_client_config.default",
            "google_compute_network.vpc_network1",
            "google_compute_subnetwork.subnetwork1",
            "google_container_cluster.gke_cluster1"
          ]
        }
      ]
    },
    {
      "mode": "managed",
      "type": "kubernetes_service",
      "name": "wpService",
      "provider": "provider[\"registry.terraform.io/hashicorp/kubernetes\"]",
      "instances": [
        {
          "schema_version": 1,
          "attributes": {
            "id": "default/wp-svc",
            "metadata": [
              {
                "annotations": null,
                "generate_name": "",
                "generation": 0,
                "labels": {
                  "env": "Production"
                },
                "name": "wp-svc",
                "namespace": "default",
                "resource_version": "39449",
                "uid": "4bd01b36-bb78-45f8-ab82-63a5470cfb84"
              }
            ],
            "spec": [
              {
                "cluster_ip": "10.191.244.165",
                "external_ips": null,
                "external_name": "",
                "external_traffic_policy": "Cluster",
                "health_check_node_port": 0,
                "ip_families": [
                  "IPv4"
                ],
                "ip_family_policy": "SingleStack",
                "load_balancer_ip": "",
                "load_balancer_source_ranges": null,
                "port": [
                  {
                    "app_protocol": "",
                    "name": "wp-port",
                    "node_port": 32653,
                    "port": 80,
                    "protocol": "TCP",
                    "target_port": "80"
                  }
                ],
                "publish_not_ready_addresses": false,
                "selector": {
                  "pod": "wp"
                },
                "session_affinity": "None",
                "type": "LoadBalancer"
              }
            ],
            "status": [
              {
                "load_balancer": [
                  {
                    "ingress": [
                      {
                        "hostname": "",
                        "ip": "34.135.127.194"
                      }
                    ]
                  }
                ]
              }
            ],
            "timeouts": null,
            "wait_for_load_balancer": true
          },
          "sensitive_attributes": [],
          "private": "eyJlMmJmYjczMC1lY2FhLTExZTYtOGY4OC0zNDM2M2JjN2M0YzAiOnsiY3JlYXRlIjo2MDAwMDAwMDAwMDB9LCJzY2hlbWFfdmVyc2lvbiI6IjEifQ==",
          "dependencies": [
            "data.google_client_config.default",
            "data.google_secret_manager_secret_version.database",
            "data.google_secret_manager_secret_version.db_user",
            "data.google_secret_manager_secret_version.db_user_pass",
            "data.google_secret_manager_secret_version.root_pass",
            "google_compute_subnetwork.subnetwork2",
            "google_container_cluster.gke_cluster1",
            "google_container_node_pool.nodepool1",
            "google_sql_database_instance.sqldb_Instance",
            "kubernetes_deployment.wp-dep",
            "null_resource.configure_kubectl",
            "null_resource.set_gcloud_project"
          ]
        }
      ]
    },
    {
      "mode": "managed",
      "type": "null_resource",
      "name": "configure_kubectl",
      "provider": "provider[\"registry.terraform.io/hashicorp/null\"]",
      "instances": [
        {
          "schema_version": 0,
          "attributes": {
            "id": "4022218685385500313",
            "triggers": null
          },
          "sensitive_attributes": [],
          "private": "bnVsbA==",
          "dependencies": [
            "google_compute_network.vpc_network1",
            "google_compute_subnetwork.subnetwork1",
            "google_container_cluster.gke_cluster1",
            "null_resource.set_gcloud_project"
          ]
        }
      ]
    },
    {
      "mode": "managed",
      "type": "null_resource",
      "name": "set_gcloud_project",
      "provider": "provider[\"registry.terraform.io/hashicorp/null\"]",
      "instances": [
        {
          "schema_version": 0,
          "attributes": {
            "id": "5155284523214955430",
            "triggers": null
          },
          "sensitive_attributes": [],
          "private": "bnVsbA=="
        }
      ]
    }
  ]
}
